// !$*UTF8*$!
{
	archiveVersion = 1;
	classes = {
	};
	objectVersion = 56;
	objects = {

/* Begin PBXBuildFile section */
		C50DC29E291EDE28001CC4F9 /* HomeViewController.swift in Sources */ = {isa = PBXBuildFile; fileRef = C50DC29D291EDE28001CC4F9 /* HomeViewController.swift */; };
		C50DC2A0291EDE3B001CC4F9 /* HomeView.swift in Sources */ = {isa = PBXBuildFile; fileRef = C50DC29F291EDE3B001CC4F9 /* HomeView.swift */; };
		C50E6427292D56E100D8047C /* RecuperacaoDeSenhaViewController.swift in Sources */ = {isa = PBXBuildFile; fileRef = C50E6426292D56E100D8047C /* RecuperacaoDeSenhaViewController.swift */; };
		C50E6429292D572200D8047C /* RecuperacaoDeSenhaView.swift in Sources */ = {isa = PBXBuildFile; fileRef = C50E6428292D572200D8047C /* RecuperacaoDeSenhaView.swift */; };
		C550F8662919644D00FC2EF2 /* AppDelegate.swift in Sources */ = {isa = PBXBuildFile; fileRef = C550F8652919644D00FC2EF2 /* AppDelegate.swift */; };
		C550F8682919644D00FC2EF2 /* SceneDelegate.swift in Sources */ = {isa = PBXBuildFile; fileRef = C550F8672919644D00FC2EF2 /* SceneDelegate.swift */; };
		C550F86A2919644D00FC2EF2 /* LoginViewController.swift in Sources */ = {isa = PBXBuildFile; fileRef = C550F8692919644D00FC2EF2 /* LoginViewController.swift */; };
		C550F86F2919644E00FC2EF2 /* Assets.xcassets in Resources */ = {isa = PBXBuildFile; fileRef = C550F86E2919644E00FC2EF2 /* Assets.xcassets */; };
		C550F8722919644E00FC2EF2 /* LaunchScreen.storyboard in Resources */ = {isa = PBXBuildFile; fileRef = C550F8702919644E00FC2EF2 /* LaunchScreen.storyboard */; };
		C550F87D2919650D00FC2EF2 /* LoginView.swift in Sources */ = {isa = PBXBuildFile; fileRef = C550F87C2919650D00FC2EF2 /* LoginView.swift */; };
		C550F8812919A0D400FC2EF2 /* CriacaoDeContaViewController.swift in Sources */ = {isa = PBXBuildFile; fileRef = C550F8802919A0D400FC2EF2 /* CriacaoDeContaViewController.swift */; };
		C55BFA68291AB6890049C539 /* CriacaoDeContaView.swift in Sources */ = {isa = PBXBuildFile; fileRef = C55BFA67291AB6890049C539 /* CriacaoDeContaView.swift */; };
		C55BFA6B291ACABB0049C539 /* Usuario.swift in Sources */ = {isa = PBXBuildFile; fileRef = C55BFA6A291ACABB0049C539 /* Usuario.swift */; };
		C55BFA6E291AD0330049C539 /* ValidacaoDeUsuarioParaCadastro.swift in Sources */ = {isa = PBXBuildFile; fileRef = C55BFA6D291AD0330049C539 /* ValidacaoDeUsuarioParaCadastro.swift */; };
		C55BFA70291AD2000049C539 /* ControladorDeErros.swift in Sources */ = {isa = PBXBuildFile; fileRef = C55BFA6F291AD2000049C539 /* ControladorDeErros.swift */; };
		C55BFA76291AD51A0049C539 /* Erros.swift in Sources */ = {isa = PBXBuildFile; fileRef = C55BFA75291AD51A0049C539 /* Erros.swift */; };
		C55BFA78291AE4850049C539 /* Alerta.swift in Sources */ = {isa = PBXBuildFile; fileRef = C55BFA77291AE4850049C539 /* Alerta.swift */; };
		C5C3455A291D7F9B00E3097A /* CriacaoDeContaController.swift in Sources */ = {isa = PBXBuildFile; fileRef = C5C34559291D7F9B00E3097A /* CriacaoDeContaController.swift */; };
		C5C3455C291D860300E3097A /* UsuarioSalvo.swift in Sources */ = {isa = PBXBuildFile; fileRef = C5C3455B291D860300E3097A /* UsuarioSalvo.swift */; };
		C5C3455F291D907A00E3097A /* LoginController.swift in Sources */ = {isa = PBXBuildFile; fileRef = C5C3455E291D907A00E3097A /* LoginController.swift */; };
		C5C34561291D944C00E3097A /* ValidacaoDeLogin.swift in Sources */ = {isa = PBXBuildFile; fileRef = C5C34560291D944C00E3097A /* ValidacaoDeLogin.swift */; };
/* End PBXBuildFile section */

/* Begin PBXFileReference section */
		C50DC29D291EDE28001CC4F9 /* HomeViewController.swift */ = {isa = PBXFileReference; lastKnownFileType = sourcecode.swift; path = HomeViewController.swift; sourceTree = "<group>"; };
		C50DC29F291EDE3B001CC4F9 /* HomeView.swift */ = {isa = PBXFileReference; lastKnownFileType = sourcecode.swift; path = HomeView.swift; sourceTree = "<group>"; };
		C50E6426292D56E100D8047C /* RecuperacaoDeSenhaViewController.swift */ = {isa = PBXFileReference; lastKnownFileType = sourcecode.swift; path = RecuperacaoDeSenhaViewController.swift; sourceTree = "<group>"; };
		C50E6428292D572200D8047C /* RecuperacaoDeSenhaView.swift */ = {isa = PBXFileReference; lastKnownFileType = sourcecode.swift; path = RecuperacaoDeSenhaView.swift; sourceTree = "<group>"; };
		C550F8622919644D00FC2EF2 /* sistema-login.app */ = {isa = PBXFileReference; explicitFileType = wrapper.application; includeInIndex = 0; path = "sistema-login.app"; sourceTree = BUILT_PRODUCTS_DIR; };
		C550F8652919644D00FC2EF2 /* AppDelegate.swift */ = {isa = PBXFileReference; lastKnownFileType = sourcecode.swift; path = AppDelegate.swift; sourceTree = "<group>"; };
		C550F8672919644D00FC2EF2 /* SceneDelegate.swift */ = {isa = PBXFileReference; lastKnownFileType = sourcecode.swift; path = SceneDelegate.swift; sourceTree = "<group>"; };
		C550F8692919644D00FC2EF2 /* LoginViewController.swift */ = {isa = PBXFileReference; lastKnownFileType = sourcecode.swift; path = LoginViewController.swift; sourceTree = "<group>"; };
		C550F86E2919644E00FC2EF2 /* Assets.xcassets */ = {isa = PBXFileReference; lastKnownFileType = folder.assetcatalog; path = Assets.xcassets; sourceTree = "<group>"; };
		C550F8712919644E00FC2EF2 /* Base */ = {isa = PBXFileReference; lastKnownFileType = file.storyboard; name = Base; path = Base.lproj/LaunchScreen.storyboard; sourceTree = "<group>"; };
		C550F8732919644E00FC2EF2 /* Info.plist */ = {isa = PBXFileReference; lastKnownFileType = text.plist.xml; path = Info.plist; sourceTree = "<group>"; };
		C550F87C2919650D00FC2EF2 /* LoginView.swift */ = {isa = PBXFileReference; lastKnownFileType = sourcecode.swift; path = LoginView.swift; sourceTree = "<group>"; };
		C550F8802919A0D400FC2EF2 /* CriacaoDeContaViewController.swift */ = {isa = PBXFileReference; lastKnownFileType = sourcecode.swift; path = CriacaoDeContaViewController.swift; sourceTree = "<group>"; };
		C55BFA67291AB6890049C539 /* CriacaoDeContaView.swift */ = {isa = PBXFileReference; lastKnownFileType = sourcecode.swift; path = CriacaoDeContaView.swift; sourceTree = "<group>"; };
		C55BFA6A291ACABB0049C539 /* Usuario.swift */ = {isa = PBXFileReference; lastKnownFileType = sourcecode.swift; path = Usuario.swift; sourceTree = "<group>"; };
		C55BFA6D291AD0330049C539 /* ValidacaoDeUsuarioParaCadastro.swift */ = {isa = PBXFileReference; lastKnownFileType = sourcecode.swift; path = ValidacaoDeUsuarioParaCadastro.swift; sourceTree = "<group>"; };
		C55BFA6F291AD2000049C539 /* ControladorDeErros.swift */ = {isa = PBXFileReference; lastKnownFileType = sourcecode.swift; path = ControladorDeErros.swift; sourceTree = "<group>"; };
		C55BFA75291AD51A0049C539 /* Erros.swift */ = {isa = PBXFileReference; lastKnownFileType = sourcecode.swift; path = Erros.swift; sourceTree = "<group>"; };
		C55BFA77291AE4850049C539 /* Alerta.swift */ = {isa = PBXFileReference; lastKnownFileType = sourcecode.swift; path = Alerta.swift; sourceTree = "<group>"; };
		C5C34559291D7F9B00E3097A /* CriacaoDeContaController.swift */ = {isa = PBXFileReference; lastKnownFileType = sourcecode.swift; path = CriacaoDeContaController.swift; sourceTree = "<group>"; };
		C5C3455B291D860300E3097A /* UsuarioSalvo.swift */ = {isa = PBXFileReference; lastKnownFileType = sourcecode.swift; path = UsuarioSalvo.swift; sourceTree = "<group>"; };
		C5C3455E291D907A00E3097A /* LoginController.swift */ = {isa = PBXFileReference; lastKnownFileType = sourcecode.swift; path = LoginController.swift; sourceTree = "<group>"; };
		C5C34560291D944C00E3097A /* ValidacaoDeLogin.swift */ = {isa = PBXFileReference; lastKnownFileType = sourcecode.swift; path = ValidacaoDeLogin.swift; sourceTree = "<group>"; };
/* End PBXFileReference section */

/* Begin PBXFrameworksBuildPhase section */
		C550F85F2919644D00FC2EF2 /* Frameworks */ = {
			isa = PBXFrameworksBuildPhase;
			buildActionMask = 2147483647;
			files = (
			);
			runOnlyForDeploymentPostprocessing = 0;
		};
/* End PBXFrameworksBuildPhase section */

/* Begin PBXGroup section */
		C50DC29C291EDE08001CC4F9 /* Home */ = {
			isa = PBXGroup;
			children = (
				C50DC29D291EDE28001CC4F9 /* HomeViewController.swift */,
				C50DC29F291EDE3B001CC4F9 /* HomeView.swift */,
			);
			path = Home;
			sourceTree = "<group>";
		};
		C50E6425292D56C900D8047C /* RecuperacaoDeSenha */ = {
			isa = PBXGroup;
			children = (
				C50E6426292D56E100D8047C /* RecuperacaoDeSenhaViewController.swift */,
				C50E6428292D572200D8047C /* RecuperacaoDeSenhaView.swift */,
			);
			path = RecuperacaoDeSenha;
			sourceTree = "<group>";
		};
		C5252555291C44F5002508F5 /* src */ = {
			isa = PBXGroup;
			children = (
				C55BFA69291ACA7B0049C539 /* Model */,
				C5252556291C4502002508F5 /* Service */,
			);
			path = src;
			sourceTree = "<group>";
		};
		C5252556291C4502002508F5 /* Service */ = {
			isa = PBXGroup;
			children = (
				C55BFA6D291AD0330049C539 /* ValidacaoDeUsuarioParaCadastro.swift */,
				C55BFA6F291AD2000049C539 /* ControladorDeErros.swift */,
				C55BFA77291AE4850049C539 /* Alerta.swift */,
				C5C3455B291D860300E3097A /* UsuarioSalvo.swift */,
				C5C34560291D944C00E3097A /* ValidacaoDeLogin.swift */,
			);
			path = Service;
			sourceTree = "<group>";
		};
		C5252557291C452B002508F5 /* Views */ = {
			isa = PBXGroup;
			children = (
				C50E6425292D56C900D8047C /* RecuperacaoDeSenha */,
				C50DC29C291EDE08001CC4F9 /* Home */,
				C525255A291C4572002508F5 /* Login */,
				C5252559291C4548002508F5 /* CriacaoDeConta */,
			);
			path = Views;
			sourceTree = "<group>";
		};
		C5252558291C4535002508F5 /* Controllers */ = {
			isa = PBXGroup;
			children = (
				C5C3455D291D906300E3097A /* Login */,
				C5C34558291D7F8900E3097A /* CriacaoDeConta */,
			);
			path = Controllers;
			sourceTree = "<group>";
		};
		C5252559291C4548002508F5 /* CriacaoDeConta */ = {
			isa = PBXGroup;
			children = (
				C55BFA67291AB6890049C539 /* CriacaoDeContaView.swift */,
				C550F8802919A0D400FC2EF2 /* CriacaoDeContaViewController.swift */,
			);
			path = CriacaoDeConta;
			sourceTree = "<group>";
		};
		C525255A291C4572002508F5 /* Login */ = {
			isa = PBXGroup;
			children = (
				C550F8692919644D00FC2EF2 /* LoginViewController.swift */,
				C550F87C2919650D00FC2EF2 /* LoginView.swift */,
			);
			path = Login;
			sourceTree = "<group>";
		};
		C550F8592919644D00FC2EF2 = {
			isa = PBXGroup;
			children = (
				C550F8642919644D00FC2EF2 /* sistema-login */,
				C550F8632919644D00FC2EF2 /* Products */,
			);
			sourceTree = "<group>";
		};
		C550F8632919644D00FC2EF2 /* Products */ = {
			isa = PBXGroup;
			children = (
				C550F8622919644D00FC2EF2 /* sistema-login.app */,
			);
			name = Products;
			sourceTree = "<group>";
		};
		C550F8642919644D00FC2EF2 /* sistema-login */ = {
			isa = PBXGroup;
			children = (
				C5252555291C44F5002508F5 /* src */,
				C5252557291C452B002508F5 /* Views */,
				C5252558291C4535002508F5 /* Controllers */,
				C550F8652919644D00FC2EF2 /* AppDelegate.swift */,
				C550F8672919644D00FC2EF2 /* SceneDelegate.swift */,
				C550F86E2919644E00FC2EF2 /* Assets.xcassets */,
				C550F8702919644E00FC2EF2 /* LaunchScreen.storyboard */,
				C550F8732919644E00FC2EF2 /* Info.plist */,
			);
			path = "sistema-login";
			sourceTree = "<group>";
		};
		C55BFA69291ACA7B0049C539 /* Model */ = {
			isa = PBXGroup;
			children = (
				C55BFA6A291ACABB0049C539 /* Usuario.swift */,
				C55BFA75291AD51A0049C539 /* Erros.swift */,
			);
			path = Model;
			sourceTree = "<group>";
		};
		C5C34558291D7F8900E3097A /* CriacaoDeConta */ = {
			isa = PBXGroup;
			children = (
				C5C34559291D7F9B00E3097A /* CriacaoDeContaController.swift */,
			);
			path = CriacaoDeConta;
			sourceTree = "<group>";
		};
		C5C3455D291D906300E3097A /* Login */ = {
			isa = PBXGroup;
			children = (
				C5C3455E291D907A00E3097A /* LoginController.swift */,
			);
			path = Login;
			sourceTree = "<group>";
		};
/* End PBXGroup section */

/* Begin PBXNativeTarget section */
		C550F8612919644D00FC2EF2 /* sistema-login */ = {
			isa = PBXNativeTarget;
			buildConfigurationList = C550F8762919644E00FC2EF2 /* Build configuration list for PBXNativeTarget "sistema-login" */;
			buildPhases = (
				C550F85E2919644D00FC2EF2 /* Sources */,
				C550F85F2919644D00FC2EF2 /* Frameworks */,
				C550F8602919644D00FC2EF2 /* Resources */,
			);
			buildRules = (
			);
			dependencies = (
			);
			name = "sistema-login";
			productName = "sistema-login";
			productReference = C550F8622919644D00FC2EF2 /* sistema-login.app */;
			productType = "com.apple.product-type.application";
		};
/* End PBXNativeTarget section */

/* Begin PBXProject section */
		C550F85A2919644D00FC2EF2 /* Project object */ = {
			isa = PBXProject;
			attributes = {
				BuildIndependentTargetsInParallel = 1;
				LastSwiftUpdateCheck = 1400;
				LastUpgradeCheck = 1400;
				TargetAttributes = {
					C550F8612919644D00FC2EF2 = {
						CreatedOnToolsVersion = 14.0.1;
					};
				};
			};
			buildConfigurationList = C550F85D2919644D00FC2EF2 /* Build configuration list for PBXProject "sistema-login" */;
			compatibilityVersion = "Xcode 14.0";
			developmentRegion = en;
			hasScannedForEncodings = 0;
			knownRegions = (
				en,
				Base,
			);
			mainGroup = C550F8592919644D00FC2EF2;
			productRefGroup = C550F8632919644D00FC2EF2 /* Products */;
			projectDirPath = "";
			projectRoot = "";
			targets = (
				C550F8612919644D00FC2EF2 /* sistema-login */,
			);
		};
/* End PBXProject section */

/* Begin PBXResourcesBuildPhase section */
		C550F8602919644D00FC2EF2 /* Resources */ = {
			isa = PBXResourcesBuildPhase;
			buildActionMask = 2147483647;
			files = (
				C550F8722919644E00FC2EF2 /* LaunchScreen.storyboard in Resources */,
				C550F86F2919644E00FC2EF2 /* Assets.xcassets in Resources */,
			);
			runOnlyForDeploymentPostprocessing = 0;
		};
/* End PBXResourcesBuildPhase section */

/* Begin PBXSourcesBuildPhase section */
		C550F85E2919644D00FC2EF2 /* Sources */ = {
			isa = PBXSourcesBuildPhase;
			buildActionMask = 2147483647;
			files = (
				C55BFA70291AD2000049C539 /* ControladorDeErros.swift in Sources */,
				C5C3455A291D7F9B00E3097A /* CriacaoDeContaController.swift in Sources */,
				C50E6427292D56E100D8047C /* RecuperacaoDeSenhaViewController.swift in Sources */,
				C550F86A2919644D00FC2EF2 /* LoginViewController.swift in Sources */,
				C55BFA6E291AD0330049C539 /* ValidacaoDeUsuarioParaCadastro.swift in Sources */,
				C550F87D2919650D00FC2EF2 /* LoginView.swift in Sources */,
				C50E6429292D572200D8047C /* RecuperacaoDeSenhaView.swift in Sources */,
				C50DC2A0291EDE3B001CC4F9 /* HomeView.swift in Sources */,
				C55BFA6B291ACABB0049C539 /* Usuario.swift in Sources */,
				C5C3455C291D860300E3097A /* UsuarioSalvo.swift in Sources */,
				C550F8662919644D00FC2EF2 /* AppDelegate.swift in Sources */,
				C550F8682919644D00FC2EF2 /* SceneDelegate.swift in Sources */,
				C55BFA68291AB6890049C539 /* CriacaoDeContaView.swift in Sources */,
				C55BFA78291AE4850049C539 /* Alerta.swift in Sources */,
				C50DC29E291EDE28001CC4F9 /* HomeViewController.swift in Sources */,
				C550F8812919A0D400FC2EF2 /* CriacaoDeContaViewController.swift in Sources */,
				C55BFA76291AD51A0049C539 /* Erros.swift in Sources */,
				C5C3455F291D907A00E3097A /* LoginController.swift in Sources */,
				C5C34561291D944C00E3097A /* ValidacaoDeLogin.swift in Sources */,
			);
			runOnlyForDeploymentPostprocessing = 0;
		};
/* End PBXSourcesBuildPhase section */

/* Begin PBXVariantGroup section */
		C550F8702919644E00FC2EF2 /* LaunchScreen.storyboard */ = {
			isa = PBXVariantGroup;
			children = (
				C550F8712919644E00FC2EF2 /* Base */,
			);
			name = LaunchScreen.storyboard;
			sourceTree = "<group>";
		};
/* End PBXVariantGroup section */

/* Begin XCBuildConfiguration section */
		C550F8742919644E00FC2EF2 /* Debug */ = {
			isa = XCBuildConfiguration;
			buildSettings = {
				ALWAYS_SEARCH_USER_PATHS = NO;
				CLANG_ANALYZER_NONNULL = YES;
				CLANG_ANALYZER_NUMBER_OBJECT_CONVERSION = YES_AGGRESSIVE;
				CLANG_CXX_LANGUAGE_STANDARD = "gnu++20";
				CLANG_ENABLE_MODULES = YES;
				CLANG_ENABLE_OBJC_ARC = YES;
				CLANG_ENABLE_OBJC_WEAK = YES;
				CLANG_WARN_BLOCK_CAPTURE_AUTORELEASING = YES;
				CLANG_WARN_BOOL_CONVERSION = YES;
				CLANG_WARN_COMMA = YES;
				CLANG_WARN_CONSTANT_CONVERSION = YES;
				CLANG_WARN_DEPRECATED_OBJC_IMPLEMENTATIONS = YES;
				CLANG_WARN_DIRECT_OBJC_ISA_USAGE = YES_ERROR;
				CLANG_WARN_DOCUMENTATION_COMMENTS = YES;
				CLANG_WARN_EMPTY_BODY = YES;
				CLANG_WARN_ENUM_CONVERSION = YES;
				CLANG_WARN_INFINITE_RECURSION = YES;
				CLANG_WARN_INT_CONVERSION = YES;
				CLANG_WARN_NON_LITERAL_NULL_CONVERSION = YES;
				CLANG_WARN_OBJC_IMPLICIT_RETAIN_SELF = YES;
				CLANG_WARN_OBJC_LITERAL_CONVERSION = YES;
				CLANG_WARN_OBJC_ROOT_CLASS = YES_ERROR;
				CLANG_WARN_QUOTED_INCLUDE_IN_FRAMEWORK_HEADER = YES;
				CLANG_WARN_RANGE_LOOP_ANALYSIS = YES;
				CLANG_WARN_STRICT_PROTOTYPES = YES;
				CLANG_WARN_SUSPICIOUS_MOVE = YES;
				CLANG_WARN_UNGUARDED_AVAILABILITY = YES_AGGRESSIVE;
				CLANG_WARN_UNREACHABLE_CODE = YES;
				CLANG_WARN__DUPLICATE_METHOD_MATCH = YES;
				COPY_PHASE_STRIP = NO;
				DEBUG_INFORMATION_FORMAT = dwarf;
				ENABLE_STRICT_OBJC_MSGSEND = YES;
				ENABLE_TESTABILITY = YES;
				GCC_C_LANGUAGE_STANDARD = gnu11;
				GCC_DYNAMIC_NO_PIC = NO;
				GCC_NO_COMMON_BLOCKS = YES;
				GCC_OPTIMIZATION_LEVEL = 0;
				GCC_PREPROCESSOR_DEFINITIONS = (
					"DEBUG=1",
					"$(inherited)",
				);
				GCC_WARN_64_TO_32_BIT_CONVERSION = YES;
				GCC_WARN_ABOUT_RETURN_TYPE = YES_ERROR;
				GCC_WARN_UNDECLARED_SELECTOR = YES;
				GCC_WARN_UNINITIALIZED_AUTOS = YES_AGGRESSIVE;
				GCC_WARN_UNUSED_FUNCTION = YES;
				GCC_WARN_UNUSED_VARIABLE = YES;
				IPHONEOS_DEPLOYMENT_TARGET = 16.0;
				MTL_ENABLE_DEBUG_INFO = INCLUDE_SOURCE;
				MTL_FAST_MATH = YES;
				ONLY_ACTIVE_ARCH = YES;
				SDKROOT = iphoneos;
				SWIFT_ACTIVE_COMPILATION_CONDITIONS = DEBUG;
				SWIFT_OPTIMIZATION_LEVEL = "-Onone";
			};
			name = Debug;
		};
		C550F8752919644E00FC2EF2 /* Release */ = {
			isa = XCBuildConfiguration;
			buildSettings = {
				ALWAYS_SEARCH_USER_PATHS = NO;
				CLANG_ANALYZER_NONNULL = YES;
				CLANG_ANALYZER_NUMBER_OBJECT_CONVERSION = YES_AGGRESSIVE;
				CLANG_CXX_LANGUAGE_STANDARD = "gnu++20";
				CLANG_ENABLE_MODULES = YES;
				CLANG_ENABLE_OBJC_ARC = YES;
				CLANG_ENABLE_OBJC_WEAK = YES;
				CLANG_WARN_BLOCK_CAPTURE_AUTORELEASING = YES;
				CLANG_WARN_BOOL_CONVERSION = YES;
				CLANG_WARN_COMMA = YES;
				CLANG_WARN_CONSTANT_CONVERSION = YES;
				CLANG_WARN_DEPRECATED_OBJC_IMPLEMENTATIONS = YES;
				CLANG_WARN_DIRECT_OBJC_ISA_USAGE = YES_ERROR;
				CLANG_WARN_DOCUMENTATION_COMMENTS = YES;
				CLANG_WARN_EMPTY_BODY = YES;
				CLANG_WARN_ENUM_CONVERSION = YES;
				CLANG_WARN_INFINITE_RECURSION = YES;
				CLANG_WARN_INT_CONVERSION = YES;
				CLANG_WARN_NON_LITERAL_NULL_CONVERSION = YES;
				CLANG_WARN_OBJC_IMPLICIT_RETAIN_SELF = YES;
				CLANG_WARN_OBJC_LITERAL_CONVERSION = YES;
				CLANG_WARN_OBJC_ROOT_CLASS = YES_ERROR;
				CLANG_WARN_QUOTED_INCLUDE_IN_FRAMEWORK_HEADER = YES;
				CLANG_WARN_RANGE_LOOP_ANALYSIS = YES;
				CLANG_WARN_STRICT_PROTOTYPES = YES;
				CLANG_WARN_SUSPICIOUS_MOVE = YES;
				CLANG_WARN_UNGUARDED_AVAILABILITY = YES_AGGRESSIVE;
				CLANG_WARN_UNREACHABLE_CODE = YES;
				CLANG_WARN__DUPLICATE_METHOD_MATCH = YES;
				COPY_PHASE_STRIP = NO;
				DEBUG_INFORMATION_FORMAT = "dwarf-with-dsym";
				ENABLE_NS_ASSERTIONS = NO;
				ENABLE_STRICT_OBJC_MSGSEND = YES;
				GCC_C_LANGUAGE_STANDARD = gnu11;
				GCC_NO_COMMON_BLOCKS = YES;
				GCC_WARN_64_TO_32_BIT_CONVERSION = YES;
				GCC_WARN_ABOUT_RETURN_TYPE = YES_ERROR;
				GCC_WARN_UNDECLARED_SELECTOR = YES;
				GCC_WARN_UNINITIALIZED_AUTOS = YES_AGGRESSIVE;
				GCC_WARN_UNUSED_FUNCTION = YES;
				GCC_WARN_UNUSED_VARIABLE = YES;
				IPHONEOS_DEPLOYMENT_TARGET = 16.0;
				MTL_ENABLE_DEBUG_INFO = NO;
				MTL_FAST_MATH = YES;
				SDKROOT = iphoneos;
				SWIFT_COMPILATION_MODE = wholemodule;
				SWIFT_OPTIMIZATION_LEVEL = "-O";
				VALIDATE_PRODUCT = YES;
			};
			name = Release;
		};
		C550F8772919644E00FC2EF2 /* Debug */ = {
			isa = XCBuildConfiguration;
			buildSettings = {
				ASSETCATALOG_COMPILER_APPICON_NAME = AppIcon;
				ASSETCATALOG_COMPILER_GLOBAL_ACCENT_COLOR_NAME = AccentColor;
				CODE_SIGN_STYLE = Automatic;
				CURRENT_PROJECT_VERSION = 1;
				GENERATE_INFOPLIST_FILE = YES;
				INFOPLIST_FILE = "sistema-login/Info.plist";
				INFOPLIST_KEY_UIApplicationSupportsIndirectInputEvents = YES;
				INFOPLIST_KEY_UILaunchStoryboardName = LaunchScreen;
				INFOPLIST_KEY_UISupportedInterfaceOrientations_iPad = "UIInterfaceOrientationPortrait UIInterfaceOrientationPortraitUpsideDown UIInterfaceOrientationLandscapeLeft UIInterfaceOrientationLandscapeRight";
				INFOPLIST_KEY_UISupportedInterfaceOrientations_iPhone = "UIInterfaceOrientationPortrait UIInterfaceOrientationLandscapeLeft UIInterfaceOrientationLandscapeRight";
				LD_RUNPATH_SEARCH_PATHS = (
					"$(inherited)",
					"@executable_path/Frameworks",
				);
				MARKETING_VERSION = 1.0;
				PRODUCT_BUNDLE_IDENTIFIER = "leonardo.sistema-login";
				PRODUCT_NAME = "$(TARGET_NAME)";
				SWIFT_EMIT_LOC_STRINGS = YES;
				SWIFT_VERSION = 5.0;
				TARGETED_DEVICE_FAMILY = "1,2";
			};
			name = Debug;
		};
		C550F8782919644E00FC2EF2 /* Release */ = {
			isa = XCBuildConfiguration;
			buildSettings = {
				ASSETCATALOG_COMPILER_APPICON_NAME = AppIcon;
				ASSETCATALOG_COMPILER_GLOBAL_ACCENT_COLOR_NAME = AccentColor;
				CODE_SIGN_STYLE = Automatic;
				CURRENT_PROJECT_VERSION = 1;
				GENERATE_INFOPLIST_FILE = YES;
				INFOPLIST_FILE = "sistema-login/Info.plist";
				INFOPLIST_KEY_UIApplicationSupportsIndirectInputEvents = YES;
				INFOPLIST_KEY_UILaunchStoryboardName = LaunchScreen;
				INFOPLIST_KEY_UISupportedInterfaceOrientations_iPad = "UIInterfaceOrientationPortrait UIInterfaceOrientationPortraitUpsideDown UIInterfaceOrientationLandscapeLeft UIInterfaceOrientationLandscapeRight";
				INFOPLIST_KEY_UISupportedInterfaceOrientations_iPhone = "UIInterfaceOrientationPortrait UIInterfaceOrientationLandscapeLeft UIInterfaceOrientationLandscapeRight";
				LD_RUNPATH_SEARCH_PATHS = (
					"$(inherited)",
					"@executable_path/Frameworks",
				);
				MARKETING_VERSION = 1.0;
				PRODUCT_BUNDLE_IDENTIFIER = "leonardo.sistema-login";
				PRODUCT_NAME = "$(TARGET_NAME)";
				SWIFT_EMIT_LOC_STRINGS = YES;
				SWIFT_VERSION = 5.0;
				TARGETED_DEVICE_FAMILY = "1,2";
			};
			name = Release;
		};
/* End XCBuildConfiguration section */

/* Begin XCConfigurationList section */
		C550F85D2919644D00FC2EF2 /* Build configuration list for PBXProject "sistema-login" */ = {
			isa = XCConfigurationList;
			buildConfigurations = (
				C550F8742919644E00FC2EF2 /* Debug */,
				C550F8752919644E00FC2EF2 /* Release */,
			);
			defaultConfigurationIsVisible = 0;
			defaultConfigurationName = Release;
		};
		C550F8762919644E00FC2EF2 /* Build configuration list for PBXNativeTarget "sistema-login" */ = {
			isa = XCConfigurationList;
			buildConfigurations = (
				C550F8772919644E00FC2EF2 /* Debug */,
				C550F8782919644E00FC2EF2 /* Release */,
			);
			defaultConfigurationIsVisible = 0;
			defaultConfigurationName = Release;
		};
/* End XCConfigurationList section */
	};
	rootObject = C550F85A2919644D00FC2EF2 /* Project object */;
}
