// !$*UTF8*$!
{
	archiveVersion = 1;
	classes = {
	};
	objectVersion = 56;
	objects = {

/* Begin PBXBuildFile section */
		6A21565CD457E107CB9720D4 /* Pods_sistema_login.framework in Frameworks */ = {isa = PBXBuildFile; fileRef = D50371AA3CD9FF92D62A5B2F /* Pods_sistema_login.framework */; };
		C50DC29E291EDE28001CC4F9 /* HomeTabBarController.swift in Sources */ = {isa = PBXBuildFile; fileRef = C50DC29D291EDE28001CC4F9 /* HomeTabBarController.swift */; };
		C50E6427292D56E100D8047C /* RecuperacaoDeSenhaViewController.swift in Sources */ = {isa = PBXBuildFile; fileRef = C50E6426292D56E100D8047C /* RecuperacaoDeSenhaViewController.swift */; };
		C50E6429292D572200D8047C /* RecuperacaoDeSenhaView.swift in Sources */ = {isa = PBXBuildFile; fileRef = C50E6428292D572200D8047C /* RecuperacaoDeSenhaView.swift */; };
		C5143CE6292FE54800918975 /* Personagem.swift in Sources */ = {isa = PBXBuildFile; fileRef = C5143CE5292FE54800918975 /* Personagem.swift */; };
		C5143CE8292FE6A600918975 /* RequisicoesStarWarsAPI.swift in Sources */ = {isa = PBXBuildFile; fileRef = C5143CE7292FE6A600918975 /* RequisicoesStarWarsAPI.swift */; };
		C5143CEA2930041600918975 /* PlanetaView.swift in Sources */ = {isa = PBXBuildFile; fileRef = C5143CE92930041600918975 /* PlanetaView.swift */; };
		C5143CEC2930078C00918975 /* NaveView.swift in Sources */ = {isa = PBXBuildFile; fileRef = C5143CEB2930078C00918975 /* NaveView.swift */; };
		C516FA85294A66570034E7EF /* RedefinicaoDeSenhaSystemMock.swift in Sources */ = {isa = PBXBuildFile; fileRef = C516FA84294A66570034E7EF /* RedefinicaoDeSenhaSystemMock.swift */; };
		C51992B9295644F1000F874A /* Crud.swift in Sources */ = {isa = PBXBuildFile; fileRef = C51992B8295644F1000F874A /* Crud.swift */; };
		C523C6D4294CD1A90012077A /* VerificadorDeDadosCadastradosSystemMock.swift in Sources */ = {isa = PBXBuildFile; fileRef = C523C6D3294CD1A90012077A /* VerificadorDeDadosCadastradosSystemMock.swift */; };
		C523C6D6294CD3930012077A /* ValidadorDeLoginSystemMock.swift in Sources */ = {isa = PBXBuildFile; fileRef = C523C6D5294CD3930012077A /* ValidadorDeLoginSystemMock.swift */; };
		C53C09AD295DFAF100E33F76 /* PersonagensFavoritosController.swift in Sources */ = {isa = PBXBuildFile; fileRef = C53C09AC295DFAF100E33F76 /* PersonagensFavoritosController.swift */; };
		C53C09B1295DFBC200E33F76 /* BuscadorDePersonagensFavoritosRepository.swift in Sources */ = {isa = PBXBuildFile; fileRef = C53C09B0295DFBC200E33F76 /* BuscadorDePersonagensFavoritosRepository.swift */; };
		C53C09B3295E0C6B00E33F76 /* PlanetasFavoritosView.swift in Sources */ = {isa = PBXBuildFile; fileRef = C53C09B2295E0C6B00E33F76 /* PlanetasFavoritosView.swift */; };
		C53C09B7295E0D0E00E33F76 /* PlanetasFavoritosController.swift in Sources */ = {isa = PBXBuildFile; fileRef = C53C09B6295E0D0E00E33F76 /* PlanetasFavoritosController.swift */; };
		C53C09B9295E0D6900E33F76 /* BuscadorDePlanetasFavoritosRepository.swift in Sources */ = {isa = PBXBuildFile; fileRef = C53C09B8295E0D6900E33F76 /* BuscadorDePlanetasFavoritosRepository.swift */; };
		C5416865295CAA5A0041908D /* SalvarPlanetaFavoritoRepository.swift in Sources */ = {isa = PBXBuildFile; fileRef = C5416864295CAA5A0041908D /* SalvarPlanetaFavoritoRepository.swift */; };
		C5416867295CAB7E0041908D /* VerificadorDePlanetasJaAdicionadosAUmUsuarioRepository.swift in Sources */ = {isa = PBXBuildFile; fileRef = C5416866295CAB7E0041908D /* VerificadorDePlanetasJaAdicionadosAUmUsuarioRepository.swift */; };
		C5416869295CAC2E0041908D /* RemovePlanetaDosFavoritosRepository.swift in Sources */ = {isa = PBXBuildFile; fileRef = C5416868295CAC2E0041908D /* RemovePlanetaDosFavoritosRepository.swift */; };
		C541686B295CB78B0041908D /* RemoveNaveDosFavoritosRepository.swift in Sources */ = {isa = PBXBuildFile; fileRef = C541686A295CB78B0041908D /* RemoveNaveDosFavoritosRepository.swift */; };
		C541686D295CB81D0041908D /* VerificadorDeNavesJaAdicionadasAUmUsuarioRepository.swift in Sources */ = {isa = PBXBuildFile; fileRef = C541686C295CB81D0041908D /* VerificadorDeNavesJaAdicionadasAUmUsuarioRepository.swift */; };
		C541686F295CB8BA0041908D /* SalvarNaveFavoritaRepository.swift in Sources */ = {isa = PBXBuildFile; fileRef = C541686E295CB8BA0041908D /* SalvarNaveFavoritaRepository.swift */; };
		C5416871295CDC820041908D /* PersonagensFavoritosViewController.swift in Sources */ = {isa = PBXBuildFile; fileRef = C5416870295CDC820041908D /* PersonagensFavoritosViewController.swift */; };
		C5416877295CDD730041908D /* PlanetasFavoritosViewController.swift in Sources */ = {isa = PBXBuildFile; fileRef = C5416876295CDD730041908D /* PlanetasFavoritosViewController.swift */; };
		C541687B295CDD9B0041908D /* NavesFavoritasViewController.swift in Sources */ = {isa = PBXBuildFile; fileRef = C541687A295CDD9B0041908D /* NavesFavoritasViewController.swift */; };
		C54E698C295A11070089F936 /* SalvarPersonagemFavoritoRepository.swift in Sources */ = {isa = PBXBuildFile; fileRef = C54E698B295A11070089F936 /* SalvarPersonagemFavoritoRepository.swift */; };
		C550F8662919644D00FC2EF2 /* AppDelegate.swift in Sources */ = {isa = PBXBuildFile; fileRef = C550F8652919644D00FC2EF2 /* AppDelegate.swift */; };
		C550F8682919644D00FC2EF2 /* SceneDelegate.swift in Sources */ = {isa = PBXBuildFile; fileRef = C550F8672919644D00FC2EF2 /* SceneDelegate.swift */; };
		C550F86A2919644D00FC2EF2 /* LoginViewController.swift in Sources */ = {isa = PBXBuildFile; fileRef = C550F8692919644D00FC2EF2 /* LoginViewController.swift */; };
		C550F86F2919644E00FC2EF2 /* Assets.xcassets in Resources */ = {isa = PBXBuildFile; fileRef = C550F86E2919644E00FC2EF2 /* Assets.xcassets */; };
		C550F8722919644E00FC2EF2 /* LaunchScreen.storyboard in Resources */ = {isa = PBXBuildFile; fileRef = C550F8702919644E00FC2EF2 /* LaunchScreen.storyboard */; };
		C550F87D2919650D00FC2EF2 /* LoginView.swift in Sources */ = {isa = PBXBuildFile; fileRef = C550F87C2919650D00FC2EF2 /* LoginView.swift */; };
		C550F8812919A0D400FC2EF2 /* CriacaoDeContaViewController.swift in Sources */ = {isa = PBXBuildFile; fileRef = C550F8802919A0D400FC2EF2 /* CriacaoDeContaViewController.swift */; };
		C55BFA68291AB6890049C539 /* CriacaoDeContaView.swift in Sources */ = {isa = PBXBuildFile; fileRef = C55BFA67291AB6890049C539 /* CriacaoDeContaView.swift */; };
		C55BFA6B291ACABB0049C539 /* Usuario.swift in Sources */ = {isa = PBXBuildFile; fileRef = C55BFA6A291ACABB0049C539 /* Usuario.swift */; };
		C55BFA6E291AD0330049C539 /* ValidacoesDeDadosDoUsuario.swift in Sources */ = {isa = PBXBuildFile; fileRef = C55BFA6D291AD0330049C539 /* ValidacoesDeDadosDoUsuario.swift */; };
		C55BFA70291AD2000049C539 /* ControladorDeErros.swift in Sources */ = {isa = PBXBuildFile; fileRef = C55BFA6F291AD2000049C539 /* ControladorDeErros.swift */; };
		C55BFA76291AD51A0049C539 /* Erros.swift in Sources */ = {isa = PBXBuildFile; fileRef = C55BFA75291AD51A0049C539 /* Erros.swift */; };
		C55BFA78291AE4850049C539 /* Alerta.swift in Sources */ = {isa = PBXBuildFile; fileRef = C55BFA77291AE4850049C539 /* Alerta.swift */; };
		C55FF6A9295218C200103434 /* ValidadorDeLoginSystemTests.swift in Sources */ = {isa = PBXBuildFile; fileRef = C55FF6A8295218C200103434 /* ValidadorDeLoginSystemTests.swift */; };
		C55FF6AB29521B0E00103434 /* RecuperaDadosDoUsuarioSystemTests.swift in Sources */ = {isa = PBXBuildFile; fileRef = C55FF6AA29521B0E00103434 /* RecuperaDadosDoUsuarioSystemTests.swift */; };
		C55FF6AD2952394400103434 /* Animacao.swift in Sources */ = {isa = PBXBuildFile; fileRef = C55FF6AC2952394400103434 /* Animacao.swift */; };
		C56022E6293A97F9006D99E8 /* PlanetaController.swift in Sources */ = {isa = PBXBuildFile; fileRef = C56022E5293A97F9006D99E8 /* PlanetaController.swift */; };
		C56022E8293A9822006D99E8 /* Planeta.swift in Sources */ = {isa = PBXBuildFile; fileRef = C56022E7293A9822006D99E8 /* Planeta.swift */; };
		C5646B60293E523B009FD074 /* NaveController.swift in Sources */ = {isa = PBXBuildFile; fileRef = C5646B5F293E523B009FD074 /* NaveController.swift */; };
		C5646B62293E5281009FD074 /* Nave.swift in Sources */ = {isa = PBXBuildFile; fileRef = C5646B61293E5281009FD074 /* Nave.swift */; };
		C569C11F2954B7640033ED19 /* PerfilController.swift in Sources */ = {isa = PBXBuildFile; fileRef = C569C11E2954B7640033ED19 /* PerfilController.swift */; };
		C569E5E4293FB9030040885A /* VerificadorDeDadosCadastradosRepository.swift in Sources */ = {isa = PBXBuildFile; fileRef = C569E5E3293FB9030040885A /* VerificadorDeDadosCadastradosRepository.swift */; };
		C569E5EC293FDABD0040885A /* ValidadorDeLoginRepository.swift in Sources */ = {isa = PBXBuildFile; fileRef = C569E5EB293FDABD0040885A /* ValidadorDeLoginRepository.swift */; };
		C572B053293936BB00BE9D00 /* RedefinicaoDeSenhaRepository.swift in Sources */ = {isa = PBXBuildFile; fileRef = C572B052293936BB00BE9D00 /* RedefinicaoDeSenhaRepository.swift */; };
		C572B055293937D700BE9D00 /* SalvarUsuarioRepository.swift in Sources */ = {isa = PBXBuildFile; fileRef = C572B054293937D700BE9D00 /* SalvarUsuarioRepository.swift */; };
		C57BD85E293A712E00092FA9 /* PerfilViewController.swift in Sources */ = {isa = PBXBuildFile; fileRef = C57BD85D293A712E00092FA9 /* PerfilViewController.swift */; };
		C57BD860293A733900092FA9 /* PerfilView.swift in Sources */ = {isa = PBXBuildFile; fileRef = C57BD85F293A733900092FA9 /* PerfilView.swift */; };
		C580E2F42956135800DF9B8D /* DBManager.swift in Sources */ = {isa = PBXBuildFile; fileRef = C580E2F32956135800DF9B8D /* DBManager.swift */; };
		C581A7B529313FB30092DF05 /* PersonagemController.swift in Sources */ = {isa = PBXBuildFile; fileRef = C581A7B429313FB30092DF05 /* PersonagemController.swift */; };
		C587194E2947A52A00F6EDC7 /* RecuperaDadosDoUsuarioRepository.swift in Sources */ = {isa = PBXBuildFile; fileRef = C587194D2947A52A00F6EDC7 /* RecuperaDadosDoUsuarioRepository.swift */; };
		C58D4095292E8D6300A1C6BC /* RecuperacaoDeSenhaController.swift in Sources */ = {isa = PBXBuildFile; fileRef = C58D4094292E8D6300A1C6BC /* RecuperacaoDeSenhaController.swift */; };
		C58D409B292EB46F00A1C6BC /* PersonagemViewController.swift in Sources */ = {isa = PBXBuildFile; fileRef = C58D409A292EB46F00A1C6BC /* PersonagemViewController.swift */; };
		C58D409D292EB49700A1C6BC /* NaveViewController.swift in Sources */ = {isa = PBXBuildFile; fileRef = C58D409C292EB49700A1C6BC /* NaveViewController.swift */; };
		C58D409F292EB4B400A1C6BC /* PlanetaViewController.swift in Sources */ = {isa = PBXBuildFile; fileRef = C58D409E292EB4B400A1C6BC /* PlanetaViewController.swift */; };
		C58D40A1292EBBDF00A1C6BC /* PersonagemView.swift in Sources */ = {isa = PBXBuildFile; fileRef = C58D40A0292EBBDF00A1C6BC /* PersonagemView.swift */; };
		C59A522B2950EA8C00D145DD /* RecuperacaoDeSenhaControllerTests.swift in Sources */ = {isa = PBXBuildFile; fileRef = C59A522A2950EA8C00D145DD /* RecuperacaoDeSenhaControllerTests.swift */; };
		C59A522D2950EACD00D145DD /* CriacaoDeContaControllerTests.swift in Sources */ = {isa = PBXBuildFile; fileRef = C59A522C2950EACD00D145DD /* CriacaoDeContaControllerTests.swift */; };
		C59A522F2950EAF400D145DD /* LoginControllerTests.swift in Sources */ = {isa = PBXBuildFile; fileRef = C59A522E2950EAF400D145DD /* LoginControllerTests.swift */; };
		C5A7F6F4295CE14C0070F64E /* PersonagensFavoritosView.swift in Sources */ = {isa = PBXBuildFile; fileRef = C5A7F6F3295CE14C0070F64E /* PersonagensFavoritosView.swift */; };
		C5B5E74D2948EDDB001F87AE /* ValidacoesDeDadosDoUsuarioTests.swift in Sources */ = {isa = PBXBuildFile; fileRef = C5B5E74C2948EDDB001F87AE /* ValidacoesDeDadosDoUsuarioTests.swift */; };
		C5BCB746294BA55F002B9C62 /* RedefinicaoDeSenhaSystemTests.swift in Sources */ = {isa = PBXBuildFile; fileRef = C5BCB745294BA55F002B9C62 /* RedefinicaoDeSenhaSystemTests.swift */; };
		C5BCB748294BB542002B9C62 /* SalvarUsuarioSystemTests.swift in Sources */ = {isa = PBXBuildFile; fileRef = C5BCB747294BB542002B9C62 /* SalvarUsuarioSystemTests.swift */; };
		C5BCB74A294BB7F7002B9C62 /* VerificadorDeDadosCadastradosSystemTests.swift in Sources */ = {isa = PBXBuildFile; fileRef = C5BCB749294BB7F7002B9C62 /* VerificadorDeDadosCadastradosSystemTests.swift */; };
		C5BDB914294A49AC007DD78D /* SalvarUsuarioSystemMock.swift in Sources */ = {isa = PBXBuildFile; fileRef = C5BDB913294A49AC007DD78D /* SalvarUsuarioSystemMock.swift */; };
		C5BF833E295B553900F0A9D3 /* VerificadorDePersonagensJaAdicionadosAUmUsuarioRepository.swift in Sources */ = {isa = PBXBuildFile; fileRef = C5BF833D295B553900F0A9D3 /* VerificadorDePersonagensJaAdicionadosAUmUsuarioRepository.swift */; };
		C5BF8340295B5FA300F0A9D3 /* RemovePersonagemDosFavoritosRepository.swift in Sources */ = {isa = PBXBuildFile; fileRef = C5BF833F295B5FA300F0A9D3 /* RemovePersonagemDosFavoritosRepository.swift */; };
		C5C3455A291D7F9B00E3097A /* CriacaoDeContaController.swift in Sources */ = {isa = PBXBuildFile; fileRef = C5C34559291D7F9B00E3097A /* CriacaoDeContaController.swift */; };
		C5C3455C291D860300E3097A /* UsuariosDadosStatic.swift in Sources */ = {isa = PBXBuildFile; fileRef = C5C3455B291D860300E3097A /* UsuariosDadosStatic.swift */; };
		C5C3455F291D907A00E3097A /* LoginController.swift in Sources */ = {isa = PBXBuildFile; fileRef = C5C3455E291D907A00E3097A /* LoginController.swift */; };
/* End PBXBuildFile section */

/* Begin PBXContainerItemProxy section */
		C5B5E7472948ED43001F87AE /* PBXContainerItemProxy */ = {
			isa = PBXContainerItemProxy;
			containerPortal = C550F85A2919644D00FC2EF2 /* Project object */;
			proxyType = 1;
			remoteGlobalIDString = C550F8612919644D00FC2EF2;
			remoteInfo = "sistema-login";
		};
/* End PBXContainerItemProxy section */

/* Begin PBXFileReference section */
		2DB5774E8D305161E014DB5E /* Pods-sistema-login.release.xcconfig */ = {isa = PBXFileReference; includeInIndex = 1; lastKnownFileType = text.xcconfig; name = "Pods-sistema-login.release.xcconfig"; path = "Target Support Files/Pods-sistema-login/Pods-sistema-login.release.xcconfig"; sourceTree = "<group>"; };
		93DBB7636CB219919BF06E4E /* Pods-sistema-login.debug.xcconfig */ = {isa = PBXFileReference; includeInIndex = 1; lastKnownFileType = text.xcconfig; name = "Pods-sistema-login.debug.xcconfig"; path = "Target Support Files/Pods-sistema-login/Pods-sistema-login.debug.xcconfig"; sourceTree = "<group>"; };
		C50DC29D291EDE28001CC4F9 /* HomeTabBarController.swift */ = {isa = PBXFileReference; lastKnownFileType = sourcecode.swift; path = HomeTabBarController.swift; sourceTree = "<group>"; };
		C50E6426292D56E100D8047C /* RecuperacaoDeSenhaViewController.swift */ = {isa = PBXFileReference; lastKnownFileType = sourcecode.swift; path = RecuperacaoDeSenhaViewController.swift; sourceTree = "<group>"; };
		C50E6428292D572200D8047C /* RecuperacaoDeSenhaView.swift */ = {isa = PBXFileReference; lastKnownFileType = sourcecode.swift; path = RecuperacaoDeSenhaView.swift; sourceTree = "<group>"; };
		C5143CE5292FE54800918975 /* Personagem.swift */ = {isa = PBXFileReference; lastKnownFileType = sourcecode.swift; path = Personagem.swift; sourceTree = "<group>"; };
		C5143CE7292FE6A600918975 /* RequisicoesStarWarsAPI.swift */ = {isa = PBXFileReference; lastKnownFileType = sourcecode.swift; path = RequisicoesStarWarsAPI.swift; sourceTree = "<group>"; };
		C5143CE92930041600918975 /* PlanetaView.swift */ = {isa = PBXFileReference; lastKnownFileType = sourcecode.swift; path = PlanetaView.swift; sourceTree = "<group>"; };
		C5143CEB2930078C00918975 /* NaveView.swift */ = {isa = PBXFileReference; lastKnownFileType = sourcecode.swift; path = NaveView.swift; sourceTree = "<group>"; };
		C516FA84294A66570034E7EF /* RedefinicaoDeSenhaSystemMock.swift */ = {isa = PBXFileReference; lastKnownFileType = sourcecode.swift; path = RedefinicaoDeSenhaSystemMock.swift; sourceTree = "<group>"; };
		C51992B8295644F1000F874A /* Crud.swift */ = {isa = PBXFileReference; lastKnownFileType = sourcecode.swift; path = Crud.swift; sourceTree = "<group>"; };
		C523C6D3294CD1A90012077A /* VerificadorDeDadosCadastradosSystemMock.swift */ = {isa = PBXFileReference; lastKnownFileType = sourcecode.swift; path = VerificadorDeDadosCadastradosSystemMock.swift; sourceTree = "<group>"; };
		C523C6D5294CD3930012077A /* ValidadorDeLoginSystemMock.swift */ = {isa = PBXFileReference; lastKnownFileType = sourcecode.swift; path = ValidadorDeLoginSystemMock.swift; sourceTree = "<group>"; };
		C53C09AC295DFAF100E33F76 /* PersonagensFavoritosController.swift */ = {isa = PBXFileReference; lastKnownFileType = sourcecode.swift; path = PersonagensFavoritosController.swift; sourceTree = "<group>"; };
		C53C09B0295DFBC200E33F76 /* BuscadorDePersonagensFavoritosRepository.swift */ = {isa = PBXFileReference; lastKnownFileType = sourcecode.swift; path = BuscadorDePersonagensFavoritosRepository.swift; sourceTree = "<group>"; };
		C53C09B2295E0C6B00E33F76 /* PlanetasFavoritosView.swift */ = {isa = PBXFileReference; lastKnownFileType = sourcecode.swift; path = PlanetasFavoritosView.swift; sourceTree = "<group>"; };
		C53C09B6295E0D0E00E33F76 /* PlanetasFavoritosController.swift */ = {isa = PBXFileReference; lastKnownFileType = sourcecode.swift; path = PlanetasFavoritosController.swift; sourceTree = "<group>"; };
		C53C09B8295E0D6900E33F76 /* BuscadorDePlanetasFavoritosRepository.swift */ = {isa = PBXFileReference; lastKnownFileType = sourcecode.swift; path = BuscadorDePlanetasFavoritosRepository.swift; sourceTree = "<group>"; };
		C5416864295CAA5A0041908D /* SalvarPlanetaFavoritoRepository.swift */ = {isa = PBXFileReference; lastKnownFileType = sourcecode.swift; path = SalvarPlanetaFavoritoRepository.swift; sourceTree = "<group>"; };
		C5416866295CAB7E0041908D /* VerificadorDePlanetasJaAdicionadosAUmUsuarioRepository.swift */ = {isa = PBXFileReference; lastKnownFileType = sourcecode.swift; path = VerificadorDePlanetasJaAdicionadosAUmUsuarioRepository.swift; sourceTree = "<group>"; };
		C5416868295CAC2E0041908D /* RemovePlanetaDosFavoritosRepository.swift */ = {isa = PBXFileReference; lastKnownFileType = sourcecode.swift; path = RemovePlanetaDosFavoritosRepository.swift; sourceTree = "<group>"; };
		C541686A295CB78B0041908D /* RemoveNaveDosFavoritosRepository.swift */ = {isa = PBXFileReference; lastKnownFileType = sourcecode.swift; path = RemoveNaveDosFavoritosRepository.swift; sourceTree = "<group>"; };
		C541686C295CB81D0041908D /* VerificadorDeNavesJaAdicionadasAUmUsuarioRepository.swift */ = {isa = PBXFileReference; lastKnownFileType = sourcecode.swift; path = VerificadorDeNavesJaAdicionadasAUmUsuarioRepository.swift; sourceTree = "<group>"; };
		C541686E295CB8BA0041908D /* SalvarNaveFavoritaRepository.swift */ = {isa = PBXFileReference; lastKnownFileType = sourcecode.swift; path = SalvarNaveFavoritaRepository.swift; sourceTree = "<group>"; };
		C5416870295CDC820041908D /* PersonagensFavoritosViewController.swift */ = {isa = PBXFileReference; lastKnownFileType = sourcecode.swift; path = PersonagensFavoritosViewController.swift; sourceTree = "<group>"; };
		C5416876295CDD730041908D /* PlanetasFavoritosViewController.swift */ = {isa = PBXFileReference; lastKnownFileType = sourcecode.swift; path = PlanetasFavoritosViewController.swift; sourceTree = "<group>"; };
		C541687A295CDD9B0041908D /* NavesFavoritasViewController.swift */ = {isa = PBXFileReference; lastKnownFileType = sourcecode.swift; path = NavesFavoritasViewController.swift; sourceTree = "<group>"; };
		C54E698B295A11070089F936 /* SalvarPersonagemFavoritoRepository.swift */ = {isa = PBXFileReference; lastKnownFileType = sourcecode.swift; path = SalvarPersonagemFavoritoRepository.swift; sourceTree = "<group>"; };
		C550F8622919644D00FC2EF2 /* sistema-login.app */ = {isa = PBXFileReference; explicitFileType = wrapper.application; includeInIndex = 0; path = "sistema-login.app"; sourceTree = BUILT_PRODUCTS_DIR; };
		C550F8652919644D00FC2EF2 /* AppDelegate.swift */ = {isa = PBXFileReference; lastKnownFileType = sourcecode.swift; path = AppDelegate.swift; sourceTree = "<group>"; };
		C550F8672919644D00FC2EF2 /* SceneDelegate.swift */ = {isa = PBXFileReference; lastKnownFileType = sourcecode.swift; path = SceneDelegate.swift; sourceTree = "<group>"; };
		C550F8692919644D00FC2EF2 /* LoginViewController.swift */ = {isa = PBXFileReference; lastKnownFileType = sourcecode.swift; path = LoginViewController.swift; sourceTree = "<group>"; };
		C550F86E2919644E00FC2EF2 /* Assets.xcassets */ = {isa = PBXFileReference; lastKnownFileType = folder.assetcatalog; path = Assets.xcassets; sourceTree = "<group>"; };
		C550F8712919644E00FC2EF2 /* Base */ = {isa = PBXFileReference; lastKnownFileType = file.storyboard; name = Base; path = Base.lproj/LaunchScreen.storyboard; sourceTree = "<group>"; };
		C550F8732919644E00FC2EF2 /* Info.plist */ = {isa = PBXFileReference; lastKnownFileType = text.plist.xml; path = Info.plist; sourceTree = "<group>"; };
		C550F87C2919650D00FC2EF2 /* LoginView.swift */ = {isa = PBXFileReference; lastKnownFileType = sourcecode.swift; path = LoginView.swift; sourceTree = "<group>"; };
		C550F8802919A0D400FC2EF2 /* CriacaoDeContaViewController.swift */ = {isa = PBXFileReference; lastKnownFileType = sourcecode.swift; path = CriacaoDeContaViewController.swift; sourceTree = "<group>"; };
		C55BFA67291AB6890049C539 /* CriacaoDeContaView.swift */ = {isa = PBXFileReference; lastKnownFileType = sourcecode.swift; path = CriacaoDeContaView.swift; sourceTree = "<group>"; };
		C55BFA6A291ACABB0049C539 /* Usuario.swift */ = {isa = PBXFileReference; lastKnownFileType = sourcecode.swift; path = Usuario.swift; sourceTree = "<group>"; };
		C55BFA6D291AD0330049C539 /* ValidacoesDeDadosDoUsuario.swift */ = {isa = PBXFileReference; lastKnownFileType = sourcecode.swift; path = ValidacoesDeDadosDoUsuario.swift; sourceTree = "<group>"; };
		C55BFA6F291AD2000049C539 /* ControladorDeErros.swift */ = {isa = PBXFileReference; lastKnownFileType = sourcecode.swift; path = ControladorDeErros.swift; sourceTree = "<group>"; };
		C55BFA75291AD51A0049C539 /* Erros.swift */ = {isa = PBXFileReference; lastKnownFileType = sourcecode.swift; path = Erros.swift; sourceTree = "<group>"; };
		C55BFA77291AE4850049C539 /* Alerta.swift */ = {isa = PBXFileReference; lastKnownFileType = sourcecode.swift; path = Alerta.swift; sourceTree = "<group>"; };
		C55FF6A8295218C200103434 /* ValidadorDeLoginSystemTests.swift */ = {isa = PBXFileReference; lastKnownFileType = sourcecode.swift; path = ValidadorDeLoginSystemTests.swift; sourceTree = "<group>"; };
		C55FF6AA29521B0E00103434 /* RecuperaDadosDoUsuarioSystemTests.swift */ = {isa = PBXFileReference; lastKnownFileType = sourcecode.swift; path = RecuperaDadosDoUsuarioSystemTests.swift; sourceTree = "<group>"; };
		C55FF6AC2952394400103434 /* Animacao.swift */ = {isa = PBXFileReference; lastKnownFileType = sourcecode.swift; path = Animacao.swift; sourceTree = "<group>"; };
		C56022E5293A97F9006D99E8 /* PlanetaController.swift */ = {isa = PBXFileReference; lastKnownFileType = sourcecode.swift; path = PlanetaController.swift; sourceTree = "<group>"; };
		C56022E7293A9822006D99E8 /* Planeta.swift */ = {isa = PBXFileReference; lastKnownFileType = sourcecode.swift; path = Planeta.swift; sourceTree = "<group>"; };
		C5646B5F293E523B009FD074 /* NaveController.swift */ = {isa = PBXFileReference; lastKnownFileType = sourcecode.swift; path = NaveController.swift; sourceTree = "<group>"; };
		C5646B61293E5281009FD074 /* Nave.swift */ = {isa = PBXFileReference; lastKnownFileType = sourcecode.swift; path = Nave.swift; sourceTree = "<group>"; };
		C569C11E2954B7640033ED19 /* PerfilController.swift */ = {isa = PBXFileReference; lastKnownFileType = sourcecode.swift; path = PerfilController.swift; sourceTree = "<group>"; };
		C569E5E3293FB9030040885A /* VerificadorDeDadosCadastradosRepository.swift */ = {isa = PBXFileReference; lastKnownFileType = sourcecode.swift; path = VerificadorDeDadosCadastradosRepository.swift; sourceTree = "<group>"; };
		C569E5EB293FDABD0040885A /* ValidadorDeLoginRepository.swift */ = {isa = PBXFileReference; lastKnownFileType = sourcecode.swift; path = ValidadorDeLoginRepository.swift; sourceTree = "<group>"; };
		C572B052293936BB00BE9D00 /* RedefinicaoDeSenhaRepository.swift */ = {isa = PBXFileReference; lastKnownFileType = sourcecode.swift; path = RedefinicaoDeSenhaRepository.swift; sourceTree = "<group>"; };
		C572B054293937D700BE9D00 /* SalvarUsuarioRepository.swift */ = {isa = PBXFileReference; lastKnownFileType = sourcecode.swift; path = SalvarUsuarioRepository.swift; sourceTree = "<group>"; };
		C57BD85D293A712E00092FA9 /* PerfilViewController.swift */ = {isa = PBXFileReference; lastKnownFileType = sourcecode.swift; path = PerfilViewController.swift; sourceTree = "<group>"; };
		C57BD85F293A733900092FA9 /* PerfilView.swift */ = {isa = PBXFileReference; lastKnownFileType = sourcecode.swift; path = PerfilView.swift; sourceTree = "<group>"; };
		C580E2F32956135800DF9B8D /* DBManager.swift */ = {isa = PBXFileReference; lastKnownFileType = sourcecode.swift; path = DBManager.swift; sourceTree = "<group>"; };
		C581A7B429313FB30092DF05 /* PersonagemController.swift */ = {isa = PBXFileReference; lastKnownFileType = sourcecode.swift; path = PersonagemController.swift; sourceTree = "<group>"; };
		C587194D2947A52A00F6EDC7 /* RecuperaDadosDoUsuarioRepository.swift */ = {isa = PBXFileReference; lastKnownFileType = sourcecode.swift; path = RecuperaDadosDoUsuarioRepository.swift; sourceTree = "<group>"; };
		C58D4094292E8D6300A1C6BC /* RecuperacaoDeSenhaController.swift */ = {isa = PBXFileReference; lastKnownFileType = sourcecode.swift; path = RecuperacaoDeSenhaController.swift; sourceTree = "<group>"; };
		C58D409A292EB46F00A1C6BC /* PersonagemViewController.swift */ = {isa = PBXFileReference; lastKnownFileType = sourcecode.swift; path = PersonagemViewController.swift; sourceTree = "<group>"; };
		C58D409C292EB49700A1C6BC /* NaveViewController.swift */ = {isa = PBXFileReference; lastKnownFileType = sourcecode.swift; path = NaveViewController.swift; sourceTree = "<group>"; };
		C58D409E292EB4B400A1C6BC /* PlanetaViewController.swift */ = {isa = PBXFileReference; lastKnownFileType = sourcecode.swift; path = PlanetaViewController.swift; sourceTree = "<group>"; };
		C58D40A0292EBBDF00A1C6BC /* PersonagemView.swift */ = {isa = PBXFileReference; lastKnownFileType = sourcecode.swift; path = PersonagemView.swift; sourceTree = "<group>"; };
		C59A522A2950EA8C00D145DD /* RecuperacaoDeSenhaControllerTests.swift */ = {isa = PBXFileReference; lastKnownFileType = sourcecode.swift; path = RecuperacaoDeSenhaControllerTests.swift; sourceTree = "<group>"; };
		C59A522C2950EACD00D145DD /* CriacaoDeContaControllerTests.swift */ = {isa = PBXFileReference; lastKnownFileType = sourcecode.swift; path = CriacaoDeContaControllerTests.swift; sourceTree = "<group>"; };
		C59A522E2950EAF400D145DD /* LoginControllerTests.swift */ = {isa = PBXFileReference; lastKnownFileType = sourcecode.swift; path = LoginControllerTests.swift; sourceTree = "<group>"; };
		C5A7F6F3295CE14C0070F64E /* PersonagensFavoritosView.swift */ = {isa = PBXFileReference; lastKnownFileType = sourcecode.swift; path = PersonagensFavoritosView.swift; sourceTree = "<group>"; };
		C5AABD5E2956303200AFEE5E /* DB.txt */ = {isa = PBXFileReference; lastKnownFileType = text; path = DB.txt; sourceTree = "<group>"; };
		C5B5E7432948ED42001F87AE /* sistema-loginTests.xctest */ = {isa = PBXFileReference; explicitFileType = wrapper.cfbundle; includeInIndex = 0; path = "sistema-loginTests.xctest"; sourceTree = BUILT_PRODUCTS_DIR; };
		C5B5E74C2948EDDB001F87AE /* ValidacoesDeDadosDoUsuarioTests.swift */ = {isa = PBXFileReference; lastKnownFileType = sourcecode.swift; path = ValidacoesDeDadosDoUsuarioTests.swift; sourceTree = "<group>"; };
		C5BCB745294BA55F002B9C62 /* RedefinicaoDeSenhaSystemTests.swift */ = {isa = PBXFileReference; lastKnownFileType = sourcecode.swift; path = RedefinicaoDeSenhaSystemTests.swift; sourceTree = "<group>"; };
		C5BCB747294BB542002B9C62 /* SalvarUsuarioSystemTests.swift */ = {isa = PBXFileReference; lastKnownFileType = sourcecode.swift; path = SalvarUsuarioSystemTests.swift; sourceTree = "<group>"; };
		C5BCB749294BB7F7002B9C62 /* VerificadorDeDadosCadastradosSystemTests.swift */ = {isa = PBXFileReference; lastKnownFileType = sourcecode.swift; path = VerificadorDeDadosCadastradosSystemTests.swift; sourceTree = "<group>"; };
		C5BDB913294A49AC007DD78D /* SalvarUsuarioSystemMock.swift */ = {isa = PBXFileReference; lastKnownFileType = sourcecode.swift; path = SalvarUsuarioSystemMock.swift; sourceTree = "<group>"; };
		C5BF833D295B553900F0A9D3 /* VerificadorDePersonagensJaAdicionadosAUmUsuarioRepository.swift */ = {isa = PBXFileReference; lastKnownFileType = sourcecode.swift; path = VerificadorDePersonagensJaAdicionadosAUmUsuarioRepository.swift; sourceTree = "<group>"; };
		C5BF833F295B5FA300F0A9D3 /* RemovePersonagemDosFavoritosRepository.swift */ = {isa = PBXFileReference; lastKnownFileType = sourcecode.swift; path = RemovePersonagemDosFavoritosRepository.swift; sourceTree = "<group>"; };
		C5C34559291D7F9B00E3097A /* CriacaoDeContaController.swift */ = {isa = PBXFileReference; lastKnownFileType = sourcecode.swift; path = CriacaoDeContaController.swift; sourceTree = "<group>"; };
		C5C3455B291D860300E3097A /* UsuariosDadosStatic.swift */ = {isa = PBXFileReference; lastKnownFileType = sourcecode.swift; path = UsuariosDadosStatic.swift; sourceTree = "<group>"; };
		C5C3455E291D907A00E3097A /* LoginController.swift */ = {isa = PBXFileReference; lastKnownFileType = sourcecode.swift; path = LoginController.swift; sourceTree = "<group>"; };
		D50371AA3CD9FF92D62A5B2F /* Pods_sistema_login.framework */ = {isa = PBXFileReference; explicitFileType = wrapper.framework; includeInIndex = 0; path = Pods_sistema_login.framework; sourceTree = BUILT_PRODUCTS_DIR; };
/* End PBXFileReference section */

/* Begin PBXFrameworksBuildPhase section */
		C550F85F2919644D00FC2EF2 /* Frameworks */ = {
			isa = PBXFrameworksBuildPhase;
			buildActionMask = 2147483647;
			files = (
				6A21565CD457E107CB9720D4 /* Pods_sistema_login.framework in Frameworks */,
			);
			runOnlyForDeploymentPostprocessing = 0;
		};
		C5B5E7402948ED42001F87AE /* Frameworks */ = {
			isa = PBXFrameworksBuildPhase;
			buildActionMask = 2147483647;
			files = (
			);
			runOnlyForDeploymentPostprocessing = 0;
		};
/* End PBXFrameworksBuildPhase section */

/* Begin PBXGroup section */
		2BF2FFBE08BEF0F7685E9711 /* Pods */ = {
			isa = PBXGroup;
			children = (
				93DBB7636CB219919BF06E4E /* Pods-sistema-login.debug.xcconfig */,
				2DB5774E8D305161E014DB5E /* Pods-sistema-login.release.xcconfig */,
			);
			path = Pods;
			sourceTree = "<group>";
		};
		72F391FBD2A61EA2A617C0F9 /* Frameworks */ = {
			isa = PBXGroup;
			children = (
				D50371AA3CD9FF92D62A5B2F /* Pods_sistema_login.framework */,
			);
			name = Frameworks;
			sourceTree = "<group>";
		};
		C53C09AB295DFADD00E33F76 /* Controller */ = {
			isa = PBXGroup;
			children = (
				C53C09AC295DFAF100E33F76 /* PersonagensFavoritosController.swift */,
			);
			path = Controller;
			sourceTree = "<group>";
		};
		C53C09AF295DFB9400E33F76 /* Model */ = {
			isa = PBXGroup;
			children = (
				C53C09B0295DFBC200E33F76 /* BuscadorDePersonagensFavoritosRepository.swift */,
			);
			path = Model;
			sourceTree = "<group>";
		};
		C53C09B4295E0CFA00E33F76 /* Controller */ = {
			isa = PBXGroup;
			children = (
				C53C09B6295E0D0E00E33F76 /* PlanetasFavoritosController.swift */,
			);
			path = Controller;
			sourceTree = "<group>";
		};
		C53C09B5295E0CFF00E33F76 /* Model */ = {
			isa = PBXGroup;
			children = (
				C53C09B8295E0D6900E33F76 /* BuscadorDePlanetasFavoritosRepository.swift */,
			);
			path = Model;
			sourceTree = "<group>";
		};
		C5416872295CDC8F0041908D /* PersonagensFavoritos */ = {
			isa = PBXGroup;
			children = (
				C53C09AF295DFB9400E33F76 /* Model */,
				C53C09AB295DFADD00E33F76 /* Controller */,
				C5416873295CDC9A0041908D /* View */,
			);
			path = PersonagensFavoritos;
			sourceTree = "<group>";
		};
		C5416873295CDC9A0041908D /* View */ = {
			isa = PBXGroup;
			children = (
				C5416870295CDC820041908D /* PersonagensFavoritosViewController.swift */,
				C5A7F6F3295CE14C0070F64E /* PersonagensFavoritosView.swift */,
			);
			path = View;
			sourceTree = "<group>";
		};
		C5416874295CDD5A0041908D /* PlanetasFavoritos */ = {
			isa = PBXGroup;
			children = (
				C53C09B5295E0CFF00E33F76 /* Model */,
				C53C09B4295E0CFA00E33F76 /* Controller */,
				C5416875295CDD650041908D /* View */,
			);
			path = PlanetasFavoritos;
			sourceTree = "<group>";
		};
		C5416875295CDD650041908D /* View */ = {
			isa = PBXGroup;
			children = (
				C5416876295CDD730041908D /* PlanetasFavoritosViewController.swift */,
				C53C09B2295E0C6B00E33F76 /* PlanetasFavoritosView.swift */,
			);
			path = View;
			sourceTree = "<group>";
		};
		C5416878295CDD850041908D /* NavesFavoritas */ = {
			isa = PBXGroup;
			children = (
				C5416879295CDD8D0041908D /* View */,
			);
			path = NavesFavoritas;
			sourceTree = "<group>";
		};
		C5416879295CDD8D0041908D /* View */ = {
			isa = PBXGroup;
			children = (
				C541687A295CDD9B0041908D /* NavesFavoritasViewController.swift */,
			);
			path = View;
			sourceTree = "<group>";
		};
		C5493F4D29539A7D00BD0399 /* Modulos */ = {
			isa = PBXGroup;
			children = (
				C5416878295CDD850041908D /* NavesFavoritas */,
				C5416874295CDD5A0041908D /* PlanetasFavoritos */,
				C5416872295CDC8F0041908D /* PersonagensFavoritos */,
				C5493F6829539D6B00BD0399 /* Perfil */,
				C5493F6429539D3500BD0399 /* Nave */,
				C5493F6029539CE400BD0399 /* Planeta */,
				C5493F5C29539C3B00BD0399 /* Personagem */,
				C5493F5A29539BFA00BD0399 /* Home */,
				C5493F5629539B0E00BD0399 /* RecuperacaoDeSenha */,
				C5493F5229539AC200BD0399 /* CriacaoDeConta */,
				C5493F4E29539A8800BD0399 /* Login */,
			);
			path = Modulos;
			sourceTree = "<group>";
		};
		C5493F4E29539A8800BD0399 /* Login */ = {
			isa = PBXGroup;
			children = (
				C5493F5129539AA900BD0399 /* Controller */,
				C5493F5029539AA300BD0399 /* View */,
				C5493F4F29539A9B00BD0399 /* Model */,
			);
			path = Login;
			sourceTree = "<group>";
		};
		C5493F4F29539A9B00BD0399 /* Model */ = {
			isa = PBXGroup;
			children = (
				C569E5EB293FDABD0040885A /* ValidadorDeLoginRepository.swift */,
			);
			path = Model;
			sourceTree = "<group>";
		};
		C5493F5029539AA300BD0399 /* View */ = {
			isa = PBXGroup;
			children = (
				C550F87C2919650D00FC2EF2 /* LoginView.swift */,
				C550F8692919644D00FC2EF2 /* LoginViewController.swift */,
			);
			path = View;
			sourceTree = "<group>";
		};
		C5493F5129539AA900BD0399 /* Controller */ = {
			isa = PBXGroup;
			children = (
				C5C3455E291D907A00E3097A /* LoginController.swift */,
			);
			path = Controller;
			sourceTree = "<group>";
		};
		C5493F5229539AC200BD0399 /* CriacaoDeConta */ = {
			isa = PBXGroup;
			children = (
				C5493F5529539AD600BD0399 /* Controller */,
				C5493F5429539AD100BD0399 /* View */,
				C5493F5329539ACB00BD0399 /* Model */,
			);
			path = CriacaoDeConta;
			sourceTree = "<group>";
		};
		C5493F5329539ACB00BD0399 /* Model */ = {
			isa = PBXGroup;
			children = (
				C55BFA6A291ACABB0049C539 /* Usuario.swift */,
				C55BFA6D291AD0330049C539 /* ValidacoesDeDadosDoUsuario.swift */,
				C569E5E3293FB9030040885A /* VerificadorDeDadosCadastradosRepository.swift */,
				C572B054293937D700BE9D00 /* SalvarUsuarioRepository.swift */,
			);
			path = Model;
			sourceTree = "<group>";
		};
		C5493F5429539AD100BD0399 /* View */ = {
			isa = PBXGroup;
			children = (
				C55BFA67291AB6890049C539 /* CriacaoDeContaView.swift */,
				C550F8802919A0D400FC2EF2 /* CriacaoDeContaViewController.swift */,
			);
			path = View;
			sourceTree = "<group>";
		};
		C5493F5529539AD600BD0399 /* Controller */ = {
			isa = PBXGroup;
			children = (
				C5C34559291D7F9B00E3097A /* CriacaoDeContaController.swift */,
			);
			path = Controller;
			sourceTree = "<group>";
		};
		C5493F5629539B0E00BD0399 /* RecuperacaoDeSenha */ = {
			isa = PBXGroup;
			children = (
				C5493F5929539B2300BD0399 /* Controller */,
				C5493F5829539B1B00BD0399 /* View */,
				C5493F5729539B1600BD0399 /* Model */,
			);
			path = RecuperacaoDeSenha;
			sourceTree = "<group>";
		};
		C5493F5729539B1600BD0399 /* Model */ = {
			isa = PBXGroup;
			children = (
				C572B052293936BB00BE9D00 /* RedefinicaoDeSenhaRepository.swift */,
			);
			path = Model;
			sourceTree = "<group>";
		};
		C5493F5829539B1B00BD0399 /* View */ = {
			isa = PBXGroup;
			children = (
				C50E6428292D572200D8047C /* RecuperacaoDeSenhaView.swift */,
				C50E6426292D56E100D8047C /* RecuperacaoDeSenhaViewController.swift */,
			);
			path = View;
			sourceTree = "<group>";
		};
		C5493F5929539B2300BD0399 /* Controller */ = {
			isa = PBXGroup;
			children = (
				C58D4094292E8D6300A1C6BC /* RecuperacaoDeSenhaController.swift */,
			);
			path = Controller;
			sourceTree = "<group>";
		};
		C5493F5A29539BFA00BD0399 /* Home */ = {
			isa = PBXGroup;
			children = (
				C5493F5B29539C1500BD0399 /* View */,
			);
			path = Home;
			sourceTree = "<group>";
		};
		C5493F5B29539C1500BD0399 /* View */ = {
			isa = PBXGroup;
			children = (
				C50DC29D291EDE28001CC4F9 /* HomeTabBarController.swift */,
			);
			path = View;
			sourceTree = "<group>";
		};
		C5493F5C29539C3B00BD0399 /* Personagem */ = {
			isa = PBXGroup;
			children = (
				C5493F5F29539C4D00BD0399 /* Controller */,
				C5493F5E29539C4800BD0399 /* View */,
				C5493F5D29539C4300BD0399 /* Model */,
			);
			path = Personagem;
			sourceTree = "<group>";
		};
		C5493F5D29539C4300BD0399 /* Model */ = {
			isa = PBXGroup;
			children = (
				C5BF833F295B5FA300F0A9D3 /* RemovePersonagemDosFavoritosRepository.swift */,
				C5BF833D295B553900F0A9D3 /* VerificadorDePersonagensJaAdicionadosAUmUsuarioRepository.swift */,
				C54E698B295A11070089F936 /* SalvarPersonagemFavoritoRepository.swift */,
				C5143CE5292FE54800918975 /* Personagem.swift */,
			);
			path = Model;
			sourceTree = "<group>";
		};
		C5493F5E29539C4800BD0399 /* View */ = {
			isa = PBXGroup;
			children = (
				C58D40A0292EBBDF00A1C6BC /* PersonagemView.swift */,
				C58D409A292EB46F00A1C6BC /* PersonagemViewController.swift */,
			);
			path = View;
			sourceTree = "<group>";
		};
		C5493F5F29539C4D00BD0399 /* Controller */ = {
			isa = PBXGroup;
			children = (
				C581A7B429313FB30092DF05 /* PersonagemController.swift */,
			);
			path = Controller;
			sourceTree = "<group>";
		};
		C5493F6029539CE400BD0399 /* Planeta */ = {
			isa = PBXGroup;
			children = (
				C5493F6329539CF700BD0399 /* Controller */,
				C5493F6229539CF300BD0399 /* View */,
				C5493F6129539CEE00BD0399 /* Model */,
			);
			path = Planeta;
			sourceTree = "<group>";
		};
		C5493F6129539CEE00BD0399 /* Model */ = {
			isa = PBXGroup;
			children = (
				C56022E7293A9822006D99E8 /* Planeta.swift */,
				C5416864295CAA5A0041908D /* SalvarPlanetaFavoritoRepository.swift */,
				C5416866295CAB7E0041908D /* VerificadorDePlanetasJaAdicionadosAUmUsuarioRepository.swift */,
				C5416868295CAC2E0041908D /* RemovePlanetaDosFavoritosRepository.swift */,
			);
			path = Model;
			sourceTree = "<group>";
		};
		C5493F6229539CF300BD0399 /* View */ = {
			isa = PBXGroup;
			children = (
				C5143CE92930041600918975 /* PlanetaView.swift */,
				C58D409E292EB4B400A1C6BC /* PlanetaViewController.swift */,
			);
			path = View;
			sourceTree = "<group>";
		};
		C5493F6329539CF700BD0399 /* Controller */ = {
			isa = PBXGroup;
			children = (
				C56022E5293A97F9006D99E8 /* PlanetaController.swift */,
			);
			path = Controller;
			sourceTree = "<group>";
		};
		C5493F6429539D3500BD0399 /* Nave */ = {
			isa = PBXGroup;
			children = (
				C5493F6729539D4400BD0399 /* Controller */,
				C5493F6629539D3F00BD0399 /* View */,
				C5493F6529539D3A00BD0399 /* Model */,
			);
			path = Nave;
			sourceTree = "<group>";
		};
		C5493F6529539D3A00BD0399 /* Model */ = {
			isa = PBXGroup;
			children = (
				C5646B61293E5281009FD074 /* Nave.swift */,
				C541686A295CB78B0041908D /* RemoveNaveDosFavoritosRepository.swift */,
				C541686C295CB81D0041908D /* VerificadorDeNavesJaAdicionadasAUmUsuarioRepository.swift */,
				C541686E295CB8BA0041908D /* SalvarNaveFavoritaRepository.swift */,
			);
			path = Model;
			sourceTree = "<group>";
		};
		C5493F6629539D3F00BD0399 /* View */ = {
			isa = PBXGroup;
			children = (
				C5143CEB2930078C00918975 /* NaveView.swift */,
				C58D409C292EB49700A1C6BC /* NaveViewController.swift */,
			);
			path = View;
			sourceTree = "<group>";
		};
		C5493F6729539D4400BD0399 /* Controller */ = {
			isa = PBXGroup;
			children = (
				C5646B5F293E523B009FD074 /* NaveController.swift */,
			);
			path = Controller;
			sourceTree = "<group>";
		};
		C5493F6829539D6B00BD0399 /* Perfil */ = {
			isa = PBXGroup;
			children = (
				C5BF8341295B7E1200F0A9D3 /* Model */,
				C569C11D2954B7530033ED19 /* Controller */,
				C5493F6929539D7400BD0399 /* View */,
			);
			path = Perfil;
			sourceTree = "<group>";
		};
		C5493F6929539D7400BD0399 /* View */ = {
			isa = PBXGroup;
			children = (
				C57BD85F293A733900092FA9 /* PerfilView.swift */,
				C57BD85D293A712E00092FA9 /* PerfilViewController.swift */,
			);
			path = View;
			sourceTree = "<group>";
		};
		C5493F6A29539DAF00BD0399 /* Modulos */ = {
			isa = PBXGroup;
			children = (
				C5BCB743294BA51B002B9C62 /* Service */,
				C5BCB744294BA532002B9C62 /* Repository */,
				C59A52292950EA7D00D145DD /* Controllers */,
			);
			path = Modulos;
			sourceTree = "<group>";
		};
		C5493F6B2953A0A500BD0399 /* Core */ = {
			isa = PBXGroup;
			children = (
				C5493F702953A2E000BD0399 /* System */,
				C5493F6C2953A0AA00BD0399 /* Networking */,
			);
			path = Core;
			sourceTree = "<group>";
		};
		C5493F6C2953A0AA00BD0399 /* Networking */ = {
			isa = PBXGroup;
			children = (
				C5493F6D2953A0E500BD0399 /* API */,
			);
			path = Networking;
			sourceTree = "<group>";
		};
		C5493F6D2953A0E500BD0399 /* API */ = {
			isa = PBXGroup;
			children = (
				C5143CE7292FE6A600918975 /* RequisicoesStarWarsAPI.swift */,
			);
			path = API;
			sourceTree = "<group>";
		};
		C5493F6E2953A12D00BD0399 /* UI */ = {
			isa = PBXGroup;
			children = (
				C5493F6F2953A13100BD0399 /* View */,
			);
			path = UI;
			sourceTree = "<group>";
		};
		C5493F6F2953A13100BD0399 /* View */ = {
			isa = PBXGroup;
			children = (
				C55FF6AC2952394400103434 /* Animacao.swift */,
				C55BFA77291AE4850049C539 /* Alerta.swift */,
			);
			path = View;
			sourceTree = "<group>";
		};
		C5493F702953A2E000BD0399 /* System */ = {
			isa = PBXGroup;
			children = (
				C55BFA75291AD51A0049C539 /* Erros.swift */,
				C55BFA6F291AD2000049C539 /* ControladorDeErros.swift */,
				C580E2F32956135800DF9B8D /* DBManager.swift */,
				C5C3455B291D860300E3097A /* UsuariosDadosStatic.swift */,
			);
			path = System;
			sourceTree = "<group>";
		};
		C550F8592919644D00FC2EF2 = {
			isa = PBXGroup;
			children = (
				C5AABD5D2956301300AFEE5E /* estudo */,
				C550F8642919644D00FC2EF2 /* sistema-login */,
				C5B5E7442948ED42001F87AE /* sistema-loginTests */,
				C550F8632919644D00FC2EF2 /* Products */,
				2BF2FFBE08BEF0F7685E9711 /* Pods */,
				72F391FBD2A61EA2A617C0F9 /* Frameworks */,
			);
			sourceTree = "<group>";
		};
		C550F8632919644D00FC2EF2 /* Products */ = {
			isa = PBXGroup;
			children = (
				C550F8622919644D00FC2EF2 /* sistema-login.app */,
				C5B5E7432948ED42001F87AE /* sistema-loginTests.xctest */,
			);
			name = Products;
			sourceTree = "<group>";
		};
		C550F8642919644D00FC2EF2 /* sistema-login */ = {
			isa = PBXGroup;
			children = (
				C5493F6E2953A12D00BD0399 /* UI */,
				C5493F6B2953A0A500BD0399 /* Core */,
				C5493F4D29539A7D00BD0399 /* Modulos */,
				C550F8652919644D00FC2EF2 /* AppDelegate.swift */,
				C550F8672919644D00FC2EF2 /* SceneDelegate.swift */,
				C550F86E2919644E00FC2EF2 /* Assets.xcassets */,
				C550F8702919644E00FC2EF2 /* LaunchScreen.storyboard */,
				C550F8732919644E00FC2EF2 /* Info.plist */,
			);
			path = "sistema-login";
			sourceTree = "<group>";
		};
		C569C11D2954B7530033ED19 /* Controller */ = {
			isa = PBXGroup;
			children = (
				C569C11E2954B7640033ED19 /* PerfilController.swift */,
			);
			path = Controller;
			sourceTree = "<group>";
		};
		C59A52292950EA7D00D145DD /* Controllers */ = {
			isa = PBXGroup;
			children = (
				C59A522A2950EA8C00D145DD /* RecuperacaoDeSenhaControllerTests.swift */,
				C59A522C2950EACD00D145DD /* CriacaoDeContaControllerTests.swift */,
				C59A522E2950EAF400D145DD /* LoginControllerTests.swift */,
			);
			path = Controllers;
			sourceTree = "<group>";
		};
		C5AABD5D2956301300AFEE5E /* estudo */ = {
			isa = PBXGroup;
			children = (
				C51992B8295644F1000F874A /* Crud.swift */,
				C5AABD5E2956303200AFEE5E /* DB.txt */,
			);
			path = estudo;
			sourceTree = "<group>";
		};
		C5B5E7442948ED42001F87AE /* sistema-loginTests */ = {
			isa = PBXGroup;
			children = (
				C5BDB912294A4974007DD78D /* Mocks */,
				C5493F6A29539DAF00BD0399 /* Modulos */,
			);
			path = "sistema-loginTests";
			sourceTree = "<group>";
		};
		C5BCB743294BA51B002B9C62 /* Service */ = {
			isa = PBXGroup;
			children = (
				C5B5E74C2948EDDB001F87AE /* ValidacoesDeDadosDoUsuarioTests.swift */,
			);
			path = Service;
			sourceTree = "<group>";
		};
		C5BCB744294BA532002B9C62 /* Repository */ = {
			isa = PBXGroup;
			children = (
				C5BCB745294BA55F002B9C62 /* RedefinicaoDeSenhaSystemTests.swift */,
				C5BCB747294BB542002B9C62 /* SalvarUsuarioSystemTests.swift */,
				C5BCB749294BB7F7002B9C62 /* VerificadorDeDadosCadastradosSystemTests.swift */,
				C55FF6A8295218C200103434 /* ValidadorDeLoginSystemTests.swift */,
				C55FF6AA29521B0E00103434 /* RecuperaDadosDoUsuarioSystemTests.swift */,
			);
			path = Repository;
			sourceTree = "<group>";
		};
		C5BDB912294A4974007DD78D /* Mocks */ = {
			isa = PBXGroup;
			children = (
				C5BDB913294A49AC007DD78D /* SalvarUsuarioSystemMock.swift */,
				C516FA84294A66570034E7EF /* RedefinicaoDeSenhaSystemMock.swift */,
				C523C6D3294CD1A90012077A /* VerificadorDeDadosCadastradosSystemMock.swift */,
				C523C6D5294CD3930012077A /* ValidadorDeLoginSystemMock.swift */,
			);
			path = Mocks;
			sourceTree = "<group>";
		};
		C5BF8341295B7E1200F0A9D3 /* Model */ = {
			isa = PBXGroup;
			children = (
				C587194D2947A52A00F6EDC7 /* RecuperaDadosDoUsuarioRepository.swift */,
			);
			path = Model;
			sourceTree = "<group>";
		};
/* End PBXGroup section */

/* Begin PBXNativeTarget section */
		C550F8612919644D00FC2EF2 /* sistema-login */ = {
			isa = PBXNativeTarget;
			buildConfigurationList = C550F8762919644E00FC2EF2 /* Build configuration list for PBXNativeTarget "sistema-login" */;
			buildPhases = (
				00F6FE9E1C2806282851643D /* [CP] Check Pods Manifest.lock */,
				C550F85E2919644D00FC2EF2 /* Sources */,
				C550F85F2919644D00FC2EF2 /* Frameworks */,
				C550F8602919644D00FC2EF2 /* Resources */,
				C123AD8992FB8D8FC7717760 /* [CP] Embed Pods Frameworks */,
			);
			buildRules = (
			);
			dependencies = (
			);
			name = "sistema-login";
			productName = "sistema-login";
			productReference = C550F8622919644D00FC2EF2 /* sistema-login.app */;
			productType = "com.apple.product-type.application";
		};
		C5B5E7422948ED42001F87AE /* sistema-loginTests */ = {
			isa = PBXNativeTarget;
			buildConfigurationList = C5B5E7492948ED43001F87AE /* Build configuration list for PBXNativeTarget "sistema-loginTests" */;
			buildPhases = (
				C5B5E73F2948ED42001F87AE /* Sources */,
				C5B5E7402948ED42001F87AE /* Frameworks */,
				C5B5E7412948ED42001F87AE /* Resources */,
			);
			buildRules = (
			);
			dependencies = (
				C5B5E7482948ED43001F87AE /* PBXTargetDependency */,
			);
			name = "sistema-loginTests";
			productName = "sistema-loginTests";
			productReference = C5B5E7432948ED42001F87AE /* sistema-loginTests.xctest */;
			productType = "com.apple.product-type.bundle.unit-test";
		};
/* End PBXNativeTarget section */

/* Begin PBXProject section */
		C550F85A2919644D00FC2EF2 /* Project object */ = {
			isa = PBXProject;
			attributes = {
				BuildIndependentTargetsInParallel = 1;
				LastSwiftUpdateCheck = 1400;
				LastUpgradeCheck = 1400;
				TargetAttributes = {
					C550F8612919644D00FC2EF2 = {
						CreatedOnToolsVersion = 14.0.1;
					};
					C5B5E7422948ED42001F87AE = {
						CreatedOnToolsVersion = 14.0.1;
						TestTargetID = C550F8612919644D00FC2EF2;
					};
				};
			};
			buildConfigurationList = C550F85D2919644D00FC2EF2 /* Build configuration list for PBXProject "sistema-login" */;
			compatibilityVersion = "Xcode 14.0";
			developmentRegion = en;
			hasScannedForEncodings = 0;
			knownRegions = (
				en,
				Base,
			);
			mainGroup = C550F8592919644D00FC2EF2;
			productRefGroup = C550F8632919644D00FC2EF2 /* Products */;
			projectDirPath = "";
			projectRoot = "";
			targets = (
				C550F8612919644D00FC2EF2 /* sistema-login */,
				C5B5E7422948ED42001F87AE /* sistema-loginTests */,
			);
		};
/* End PBXProject section */

/* Begin PBXResourcesBuildPhase section */
		C550F8602919644D00FC2EF2 /* Resources */ = {
			isa = PBXResourcesBuildPhase;
			buildActionMask = 2147483647;
			files = (
				C550F8722919644E00FC2EF2 /* LaunchScreen.storyboard in Resources */,
				C550F86F2919644E00FC2EF2 /* Assets.xcassets in Resources */,
			);
			runOnlyForDeploymentPostprocessing = 0;
		};
		C5B5E7412948ED42001F87AE /* Resources */ = {
			isa = PBXResourcesBuildPhase;
			buildActionMask = 2147483647;
			files = (
			);
			runOnlyForDeploymentPostprocessing = 0;
		};
/* End PBXResourcesBuildPhase section */

/* Begin PBXShellScriptBuildPhase section */
		00F6FE9E1C2806282851643D /* [CP] Check Pods Manifest.lock */ = {
			isa = PBXShellScriptBuildPhase;
			buildActionMask = 2147483647;
			files = (
			);
			inputFileListPaths = (
			);
			inputPaths = (
				"${PODS_PODFILE_DIR_PATH}/Podfile.lock",
				"${PODS_ROOT}/Manifest.lock",
			);
			name = "[CP] Check Pods Manifest.lock";
			outputFileListPaths = (
			);
			outputPaths = (
				"$(DERIVED_FILE_DIR)/Pods-sistema-login-checkManifestLockResult.txt",
			);
			runOnlyForDeploymentPostprocessing = 0;
			shellPath = /bin/sh;
			shellScript = "diff \"${PODS_PODFILE_DIR_PATH}/Podfile.lock\" \"${PODS_ROOT}/Manifest.lock\" > /dev/null\nif [ $? != 0 ] ; then\n    # print error to STDERR\n    echo \"error: The sandbox is not in sync with the Podfile.lock. Run 'pod install' or update your CocoaPods installation.\" >&2\n    exit 1\nfi\n# This output is used by Xcode 'outputs' to avoid re-running this script phase.\necho \"SUCCESS\" > \"${SCRIPT_OUTPUT_FILE_0}\"\n";
			showEnvVarsInLog = 0;
		};
		C123AD8992FB8D8FC7717760 /* [CP] Embed Pods Frameworks */ = {
			isa = PBXShellScriptBuildPhase;
			buildActionMask = 2147483647;
			files = (
			);
			inputFileListPaths = (
				"${PODS_ROOT}/Target Support Files/Pods-sistema-login/Pods-sistema-login-frameworks-${CONFIGURATION}-input-files.xcfilelist",
			);
			name = "[CP] Embed Pods Frameworks";
			outputFileListPaths = (
				"${PODS_ROOT}/Target Support Files/Pods-sistema-login/Pods-sistema-login-frameworks-${CONFIGURATION}-output-files.xcfilelist",
			);
			runOnlyForDeploymentPostprocessing = 0;
			shellPath = /bin/sh;
			shellScript = "\"${PODS_ROOT}/Target Support Files/Pods-sistema-login/Pods-sistema-login-frameworks.sh\"\n";
			showEnvVarsInLog = 0;
		};
/* End PBXShellScriptBuildPhase section */

/* Begin PBXSourcesBuildPhase section */
		C550F85E2919644D00FC2EF2 /* Sources */ = {
			isa = PBXSourcesBuildPhase;
			buildActionMask = 2147483647;
			files = (
				C57BD85E293A712E00092FA9 /* PerfilViewController.swift in Sources */,
				C58D409F292EB4B400A1C6BC /* PlanetaViewController.swift in Sources */,
				C55BFA70291AD2000049C539 /* ControladorDeErros.swift in Sources */,
				C569E5E4293FB9030040885A /* VerificadorDeDadosCadastradosRepository.swift in Sources */,
				C57BD860293A733900092FA9 /* PerfilView.swift in Sources */,
				C5C3455A291D7F9B00E3097A /* CriacaoDeContaController.swift in Sources */,
				C541686D295CB81D0041908D /* VerificadorDeNavesJaAdicionadasAUmUsuarioRepository.swift in Sources */,
				C56022E8293A9822006D99E8 /* Planeta.swift in Sources */,
				C5BDB914294A49AC007DD78D /* SalvarUsuarioSystemMock.swift in Sources */,
				C50E6427292D56E100D8047C /* RecuperacaoDeSenhaViewController.swift in Sources */,
				C541686F295CB8BA0041908D /* SalvarNaveFavoritaRepository.swift in Sources */,
				C5143CE8292FE6A600918975 /* RequisicoesStarWarsAPI.swift in Sources */,
				C5BF833E295B553900F0A9D3 /* VerificadorDePersonagensJaAdicionadosAUmUsuarioRepository.swift in Sources */,
				C572B053293936BB00BE9D00 /* RedefinicaoDeSenhaRepository.swift in Sources */,
				C5143CE6292FE54800918975 /* Personagem.swift in Sources */,
				C5143CEA2930041600918975 /* PlanetaView.swift in Sources */,
				C53C09B7295E0D0E00E33F76 /* PlanetasFavoritosController.swift in Sources */,
				C550F86A2919644D00FC2EF2 /* LoginViewController.swift in Sources */,
				C55BFA6E291AD0330049C539 /* ValidacoesDeDadosDoUsuario.swift in Sources */,
				C5646B62293E5281009FD074 /* Nave.swift in Sources */,
				C5416877295CDD730041908D /* PlanetasFavoritosViewController.swift in Sources */,
				C572B055293937D700BE9D00 /* SalvarUsuarioRepository.swift in Sources */,
				C550F87D2919650D00FC2EF2 /* LoginView.swift in Sources */,
				C53C09B9295E0D6900E33F76 /* BuscadorDePlanetasFavoritosRepository.swift in Sources */,
				C50E6429292D572200D8047C /* RecuperacaoDeSenhaView.swift in Sources */,
				C5416865295CAA5A0041908D /* SalvarPlanetaFavoritoRepository.swift in Sources */,
				C5A7F6F4295CE14C0070F64E /* PersonagensFavoritosView.swift in Sources */,
				C58D4095292E8D6300A1C6BC /* RecuperacaoDeSenhaController.swift in Sources */,
				C5BF8340295B5FA300F0A9D3 /* RemovePersonagemDosFavoritosRepository.swift in Sources */,
				C58D40A1292EBBDF00A1C6BC /* PersonagemView.swift in Sources */,
				C569E5EC293FDABD0040885A /* ValidadorDeLoginRepository.swift in Sources */,
				C55BFA6B291ACABB0049C539 /* Usuario.swift in Sources */,
				C5416871295CDC820041908D /* PersonagensFavoritosViewController.swift in Sources */,
				C541687B295CDD9B0041908D /* NavesFavoritasViewController.swift in Sources */,
				C541686B295CB78B0041908D /* RemoveNaveDosFavoritosRepository.swift in Sources */,
				C58D409D292EB49700A1C6BC /* NaveViewController.swift in Sources */,
				C587194E2947A52A00F6EDC7 /* RecuperaDadosDoUsuarioRepository.swift in Sources */,
				C5C3455C291D860300E3097A /* UsuariosDadosStatic.swift in Sources */,
				C550F8662919644D00FC2EF2 /* AppDelegate.swift in Sources */,
				C53C09AD295DFAF100E33F76 /* PersonagensFavoritosController.swift in Sources */,
				C53C09B3295E0C6B00E33F76 /* PlanetasFavoritosView.swift in Sources */,
				C516FA85294A66570034E7EF /* RedefinicaoDeSenhaSystemMock.swift in Sources */,
				C550F8682919644D00FC2EF2 /* SceneDelegate.swift in Sources */,
				C55BFA68291AB6890049C539 /* CriacaoDeContaView.swift in Sources */,
				C5646B60293E523B009FD074 /* NaveController.swift in Sources */,
				C5416869295CAC2E0041908D /* RemovePlanetaDosFavoritosRepository.swift in Sources */,
				C55FF6AD2952394400103434 /* Animacao.swift in Sources */,
				C581A7B529313FB30092DF05 /* PersonagemController.swift in Sources */,
				C523C6D6294CD3930012077A /* ValidadorDeLoginSystemMock.swift in Sources */,
				C56022E6293A97F9006D99E8 /* PlanetaController.swift in Sources */,
				C5416867295CAB7E0041908D /* VerificadorDePlanetasJaAdicionadosAUmUsuarioRepository.swift in Sources */,
				C55BFA78291AE4850049C539 /* Alerta.swift in Sources */,
				C50DC29E291EDE28001CC4F9 /* HomeTabBarController.swift in Sources */,
				C54E698C295A11070089F936 /* SalvarPersonagemFavoritoRepository.swift in Sources */,
				C523C6D4294CD1A90012077A /* VerificadorDeDadosCadastradosSystemMock.swift in Sources */,
				C550F8812919A0D400FC2EF2 /* CriacaoDeContaViewController.swift in Sources */,
				C569C11F2954B7640033ED19 /* PerfilController.swift in Sources */,
				C58D409B292EB46F00A1C6BC /* PersonagemViewController.swift in Sources */,
				C55BFA76291AD51A0049C539 /* Erros.swift in Sources */,
				C5C3455F291D907A00E3097A /* LoginController.swift in Sources */,
				C51992B9295644F1000F874A /* Crud.swift in Sources */,
				C5143CEC2930078C00918975 /* NaveView.swift in Sources */,
				C53C09B1295DFBC200E33F76 /* BuscadorDePersonagensFavoritosRepository.swift in Sources */,
				C580E2F42956135800DF9B8D /* DBManager.swift in Sources */,
			);
			runOnlyForDeploymentPostprocessing = 0;
		};
		C5B5E73F2948ED42001F87AE /* Sources */ = {
			isa = PBXSourcesBuildPhase;
			buildActionMask = 2147483647;
			files = (
				C5B5E74D2948EDDB001F87AE /* ValidacoesDeDadosDoUsuarioTests.swift in Sources */,
				C5BCB748294BB542002B9C62 /* SalvarUsuarioSystemTests.swift in Sources */,
				C59A522F2950EAF400D145DD /* LoginControllerTests.swift in Sources */,
				C59A522B2950EA8C00D145DD /* RecuperacaoDeSenhaControllerTests.swift in Sources */,
				C55FF6A9295218C200103434 /* ValidadorDeLoginSystemTests.swift in Sources */,
				C55FF6AB29521B0E00103434 /* RecuperaDadosDoUsuarioSystemTests.swift in Sources */,
				C5BCB74A294BB7F7002B9C62 /* VerificadorDeDadosCadastradosSystemTests.swift in Sources */,
				C59A522D2950EACD00D145DD /* CriacaoDeContaControllerTests.swift in Sources */,
				C5BCB746294BA55F002B9C62 /* RedefinicaoDeSenhaSystemTests.swift in Sources */,
			);
			runOnlyForDeploymentPostprocessing = 0;
		};
/* End PBXSourcesBuildPhase section */

/* Begin PBXTargetDependency section */
		C5B5E7482948ED43001F87AE /* PBXTargetDependency */ = {
			isa = PBXTargetDependency;
			target = C550F8612919644D00FC2EF2 /* sistema-login */;
			targetProxy = C5B5E7472948ED43001F87AE /* PBXContainerItemProxy */;
		};
/* End PBXTargetDependency section */

/* Begin PBXVariantGroup section */
		C550F8702919644E00FC2EF2 /* LaunchScreen.storyboard */ = {
			isa = PBXVariantGroup;
			children = (
				C550F8712919644E00FC2EF2 /* Base */,
			);
			name = LaunchScreen.storyboard;
			sourceTree = "<group>";
		};
/* End PBXVariantGroup section */

/* Begin XCBuildConfiguration section */
		C550F8742919644E00FC2EF2 /* Debug */ = {
			isa = XCBuildConfiguration;
			buildSettings = {
				ALWAYS_SEARCH_USER_PATHS = NO;
				CLANG_ANALYZER_NONNULL = YES;
				CLANG_ANALYZER_NUMBER_OBJECT_CONVERSION = YES_AGGRESSIVE;
				CLANG_CXX_LANGUAGE_STANDARD = "gnu++20";
				CLANG_ENABLE_MODULES = YES;
				CLANG_ENABLE_OBJC_ARC = YES;
				CLANG_ENABLE_OBJC_WEAK = YES;
				CLANG_WARN_BLOCK_CAPTURE_AUTORELEASING = YES;
				CLANG_WARN_BOOL_CONVERSION = YES;
				CLANG_WARN_COMMA = YES;
				CLANG_WARN_CONSTANT_CONVERSION = YES;
				CLANG_WARN_DEPRECATED_OBJC_IMPLEMENTATIONS = YES;
				CLANG_WARN_DIRECT_OBJC_ISA_USAGE = YES_ERROR;
				CLANG_WARN_DOCUMENTATION_COMMENTS = YES;
				CLANG_WARN_EMPTY_BODY = YES;
				CLANG_WARN_ENUM_CONVERSION = YES;
				CLANG_WARN_INFINITE_RECURSION = YES;
				CLANG_WARN_INT_CONVERSION = YES;
				CLANG_WARN_NON_LITERAL_NULL_CONVERSION = YES;
				CLANG_WARN_OBJC_IMPLICIT_RETAIN_SELF = YES;
				CLANG_WARN_OBJC_LITERAL_CONVERSION = YES;
				CLANG_WARN_OBJC_ROOT_CLASS = YES_ERROR;
				CLANG_WARN_QUOTED_INCLUDE_IN_FRAMEWORK_HEADER = YES;
				CLANG_WARN_RANGE_LOOP_ANALYSIS = YES;
				CLANG_WARN_STRICT_PROTOTYPES = YES;
				CLANG_WARN_SUSPICIOUS_MOVE = YES;
				CLANG_WARN_UNGUARDED_AVAILABILITY = YES_AGGRESSIVE;
				CLANG_WARN_UNREACHABLE_CODE = YES;
				CLANG_WARN__DUPLICATE_METHOD_MATCH = YES;
				COPY_PHASE_STRIP = NO;
				DEBUG_INFORMATION_FORMAT = dwarf;
				ENABLE_STRICT_OBJC_MSGSEND = YES;
				ENABLE_TESTABILITY = YES;
				GCC_C_LANGUAGE_STANDARD = gnu11;
				GCC_DYNAMIC_NO_PIC = NO;
				GCC_NO_COMMON_BLOCKS = YES;
				GCC_OPTIMIZATION_LEVEL = 0;
				GCC_PREPROCESSOR_DEFINITIONS = (
					"DEBUG=1",
					"$(inherited)",
				);
				GCC_WARN_64_TO_32_BIT_CONVERSION = YES;
				GCC_WARN_ABOUT_RETURN_TYPE = YES_ERROR;
				GCC_WARN_UNDECLARED_SELECTOR = YES;
				GCC_WARN_UNINITIALIZED_AUTOS = YES_AGGRESSIVE;
				GCC_WARN_UNUSED_FUNCTION = YES;
				GCC_WARN_UNUSED_VARIABLE = YES;
				IPHONEOS_DEPLOYMENT_TARGET = 16.0;
				MTL_ENABLE_DEBUG_INFO = INCLUDE_SOURCE;
				MTL_FAST_MATH = YES;
				ONLY_ACTIVE_ARCH = YES;
				SDKROOT = iphoneos;
				SWIFT_ACTIVE_COMPILATION_CONDITIONS = DEBUG;
				SWIFT_OPTIMIZATION_LEVEL = "-Onone";
			};
			name = Debug;
		};
		C550F8752919644E00FC2EF2 /* Release */ = {
			isa = XCBuildConfiguration;
			buildSettings = {
				ALWAYS_SEARCH_USER_PATHS = NO;
				CLANG_ANALYZER_NONNULL = YES;
				CLANG_ANALYZER_NUMBER_OBJECT_CONVERSION = YES_AGGRESSIVE;
				CLANG_CXX_LANGUAGE_STANDARD = "gnu++20";
				CLANG_ENABLE_MODULES = YES;
				CLANG_ENABLE_OBJC_ARC = YES;
				CLANG_ENABLE_OBJC_WEAK = YES;
				CLANG_WARN_BLOCK_CAPTURE_AUTORELEASING = YES;
				CLANG_WARN_BOOL_CONVERSION = YES;
				CLANG_WARN_COMMA = YES;
				CLANG_WARN_CONSTANT_CONVERSION = YES;
				CLANG_WARN_DEPRECATED_OBJC_IMPLEMENTATIONS = YES;
				CLANG_WARN_DIRECT_OBJC_ISA_USAGE = YES_ERROR;
				CLANG_WARN_DOCUMENTATION_COMMENTS = YES;
				CLANG_WARN_EMPTY_BODY = YES;
				CLANG_WARN_ENUM_CONVERSION = YES;
				CLANG_WARN_INFINITE_RECURSION = YES;
				CLANG_WARN_INT_CONVERSION = YES;
				CLANG_WARN_NON_LITERAL_NULL_CONVERSION = YES;
				CLANG_WARN_OBJC_IMPLICIT_RETAIN_SELF = YES;
				CLANG_WARN_OBJC_LITERAL_CONVERSION = YES;
				CLANG_WARN_OBJC_ROOT_CLASS = YES_ERROR;
				CLANG_WARN_QUOTED_INCLUDE_IN_FRAMEWORK_HEADER = YES;
				CLANG_WARN_RANGE_LOOP_ANALYSIS = YES;
				CLANG_WARN_STRICT_PROTOTYPES = YES;
				CLANG_WARN_SUSPICIOUS_MOVE = YES;
				CLANG_WARN_UNGUARDED_AVAILABILITY = YES_AGGRESSIVE;
				CLANG_WARN_UNREACHABLE_CODE = YES;
				CLANG_WARN__DUPLICATE_METHOD_MATCH = YES;
				COPY_PHASE_STRIP = NO;
				DEBUG_INFORMATION_FORMAT = "dwarf-with-dsym";
				ENABLE_NS_ASSERTIONS = NO;
				ENABLE_STRICT_OBJC_MSGSEND = YES;
				GCC_C_LANGUAGE_STANDARD = gnu11;
				GCC_NO_COMMON_BLOCKS = YES;
				GCC_WARN_64_TO_32_BIT_CONVERSION = YES;
				GCC_WARN_ABOUT_RETURN_TYPE = YES_ERROR;
				GCC_WARN_UNDECLARED_SELECTOR = YES;
				GCC_WARN_UNINITIALIZED_AUTOS = YES_AGGRESSIVE;
				GCC_WARN_UNUSED_FUNCTION = YES;
				GCC_WARN_UNUSED_VARIABLE = YES;
				IPHONEOS_DEPLOYMENT_TARGET = 16.0;
				MTL_ENABLE_DEBUG_INFO = NO;
				MTL_FAST_MATH = YES;
				SDKROOT = iphoneos;
				SWIFT_COMPILATION_MODE = wholemodule;
				SWIFT_OPTIMIZATION_LEVEL = "-O";
				VALIDATE_PRODUCT = YES;
			};
			name = Release;
		};
		C550F8772919644E00FC2EF2 /* Debug */ = {
			isa = XCBuildConfiguration;
			baseConfigurationReference = 93DBB7636CB219919BF06E4E /* Pods-sistema-login.debug.xcconfig */;
			buildSettings = {
				ASSETCATALOG_COMPILER_APPICON_NAME = AppIcon;
				ASSETCATALOG_COMPILER_GLOBAL_ACCENT_COLOR_NAME = AccentColor;
				CODE_SIGN_STYLE = Automatic;
				CURRENT_PROJECT_VERSION = 1;
				GENERATE_INFOPLIST_FILE = YES;
				INFOPLIST_FILE = "sistema-login/Info.plist";
				INFOPLIST_KEY_UIApplicationSupportsIndirectInputEvents = YES;
				INFOPLIST_KEY_UILaunchStoryboardName = LaunchScreen;
				INFOPLIST_KEY_UISupportedInterfaceOrientations_iPad = "UIInterfaceOrientationPortrait UIInterfaceOrientationPortraitUpsideDown UIInterfaceOrientationLandscapeLeft UIInterfaceOrientationLandscapeRight";
				INFOPLIST_KEY_UISupportedInterfaceOrientations_iPhone = "UIInterfaceOrientationPortrait UIInterfaceOrientationLandscapeLeft UIInterfaceOrientationLandscapeRight";
				LD_RUNPATH_SEARCH_PATHS = (
					"$(inherited)",
					"@executable_path/Frameworks",
				);
				MARKETING_VERSION = 1.0;
				PRODUCT_BUNDLE_IDENTIFIER = "leonardo.sistema-login";
				PRODUCT_NAME = "$(TARGET_NAME)";
				SWIFT_EMIT_LOC_STRINGS = YES;
				SWIFT_VERSION = 5.0;
				TARGETED_DEVICE_FAMILY = "1,2";
			};
			name = Debug;
		};
		C550F8782919644E00FC2EF2 /* Release */ = {
			isa = XCBuildConfiguration;
			baseConfigurationReference = 2DB5774E8D305161E014DB5E /* Pods-sistema-login.release.xcconfig */;
			buildSettings = {
				ASSETCATALOG_COMPILER_APPICON_NAME = AppIcon;
				ASSETCATALOG_COMPILER_GLOBAL_ACCENT_COLOR_NAME = AccentColor;
				CODE_SIGN_STYLE = Automatic;
				CURRENT_PROJECT_VERSION = 1;
				GENERATE_INFOPLIST_FILE = YES;
				INFOPLIST_FILE = "sistema-login/Info.plist";
				INFOPLIST_KEY_UIApplicationSupportsIndirectInputEvents = YES;
				INFOPLIST_KEY_UILaunchStoryboardName = LaunchScreen;
				INFOPLIST_KEY_UISupportedInterfaceOrientations_iPad = "UIInterfaceOrientationPortrait UIInterfaceOrientationPortraitUpsideDown UIInterfaceOrientationLandscapeLeft UIInterfaceOrientationLandscapeRight";
				INFOPLIST_KEY_UISupportedInterfaceOrientations_iPhone = "UIInterfaceOrientationPortrait UIInterfaceOrientationLandscapeLeft UIInterfaceOrientationLandscapeRight";
				LD_RUNPATH_SEARCH_PATHS = (
					"$(inherited)",
					"@executable_path/Frameworks",
				);
				MARKETING_VERSION = 1.0;
				PRODUCT_BUNDLE_IDENTIFIER = "leonardo.sistema-login";
				PRODUCT_NAME = "$(TARGET_NAME)";
				SWIFT_EMIT_LOC_STRINGS = YES;
				SWIFT_VERSION = 5.0;
				TARGETED_DEVICE_FAMILY = "1,2";
			};
			name = Release;
		};
		C5B5E74A2948ED43001F87AE /* Debug */ = {
			isa = XCBuildConfiguration;
			buildSettings = {
				BUNDLE_LOADER = "$(TEST_HOST)";
				CODE_SIGN_STYLE = Automatic;
				CURRENT_PROJECT_VERSION = 1;
				GENERATE_INFOPLIST_FILE = YES;
				IPHONEOS_DEPLOYMENT_TARGET = 16.0;
				MACOSX_DEPLOYMENT_TARGET = 12.3;
				MARKETING_VERSION = 1.0;
				PRODUCT_BUNDLE_IDENTIFIER = "leonardo.sistema-loginTests";
				PRODUCT_NAME = "$(TARGET_NAME)";
				SDKROOT = auto;
				SUPPORTED_PLATFORMS = "iphoneos iphonesimulator macosx";
				SWIFT_EMIT_LOC_STRINGS = NO;
				SWIFT_VERSION = 5.0;
				TARGETED_DEVICE_FAMILY = "1,2";
				TEST_HOST = "$(BUILT_PRODUCTS_DIR)/sistema-login.app/$(BUNDLE_EXECUTABLE_FOLDER_PATH)/sistema-login";
			};
			name = Debug;
		};
		C5B5E74B2948ED43001F87AE /* Release */ = {
			isa = XCBuildConfiguration;
			buildSettings = {
				BUNDLE_LOADER = "$(TEST_HOST)";
				CODE_SIGN_STYLE = Automatic;
				CURRENT_PROJECT_VERSION = 1;
				GENERATE_INFOPLIST_FILE = YES;
				IPHONEOS_DEPLOYMENT_TARGET = 16.0;
				MACOSX_DEPLOYMENT_TARGET = 12.3;
				MARKETING_VERSION = 1.0;
				PRODUCT_BUNDLE_IDENTIFIER = "leonardo.sistema-loginTests";
				PRODUCT_NAME = "$(TARGET_NAME)";
				SDKROOT = auto;
				SUPPORTED_PLATFORMS = "iphoneos iphonesimulator macosx";
				SWIFT_EMIT_LOC_STRINGS = NO;
				SWIFT_VERSION = 5.0;
				TARGETED_DEVICE_FAMILY = "1,2";
				TEST_HOST = "$(BUILT_PRODUCTS_DIR)/sistema-login.app/$(BUNDLE_EXECUTABLE_FOLDER_PATH)/sistema-login";
			};
			name = Release;
		};
/* End XCBuildConfiguration section */

/* Begin XCConfigurationList section */
		C550F85D2919644D00FC2EF2 /* Build configuration list for PBXProject "sistema-login" */ = {
			isa = XCConfigurationList;
			buildConfigurations = (
				C550F8742919644E00FC2EF2 /* Debug */,
				C550F8752919644E00FC2EF2 /* Release */,
			);
			defaultConfigurationIsVisible = 0;
			defaultConfigurationName = Release;
		};
		C550F8762919644E00FC2EF2 /* Build configuration list for PBXNativeTarget "sistema-login" */ = {
			isa = XCConfigurationList;
			buildConfigurations = (
				C550F8772919644E00FC2EF2 /* Debug */,
				C550F8782919644E00FC2EF2 /* Release */,
			);
			defaultConfigurationIsVisible = 0;
			defaultConfigurationName = Release;
		};
		C5B5E7492948ED43001F87AE /* Build configuration list for PBXNativeTarget "sistema-loginTests" */ = {
			isa = XCConfigurationList;
			buildConfigurations = (
				C5B5E74A2948ED43001F87AE /* Debug */,
				C5B5E74B2948ED43001F87AE /* Release */,
			);
			defaultConfigurationIsVisible = 0;
			defaultConfigurationName = Release;
		};
/* End XCConfigurationList section */
	};
	rootObject = C550F85A2919644D00FC2EF2 /* Project object */;
}
