// !$*UTF8*$!
{
	archiveVersion = 1;
	classes = {
	};
	objectVersion = 56;
	objects = {

/* Begin PBXBuildFile section */
		6A21565CD457E107CB9720D4 /* Pods_sistema_login.framework in Frameworks */ = {isa = PBXBuildFile; fileRef = D50371AA3CD9FF92D62A5B2F /* Pods_sistema_login.framework */; };
		C50DC29E291EDE28001CC4F9 /* HomeTabBarController.swift in Sources */ = {isa = PBXBuildFile; fileRef = C50DC29D291EDE28001CC4F9 /* HomeTabBarController.swift */; };
		C50E6427292D56E100D8047C /* RecuperacaoDeSenhaViewController.swift in Sources */ = {isa = PBXBuildFile; fileRef = C50E6426292D56E100D8047C /* RecuperacaoDeSenhaViewController.swift */; };
		C50E6429292D572200D8047C /* RecuperacaoDeSenhaView.swift in Sources */ = {isa = PBXBuildFile; fileRef = C50E6428292D572200D8047C /* RecuperacaoDeSenhaView.swift */; };
		C5143CE6292FE54800918975 /* Personagem.swift in Sources */ = {isa = PBXBuildFile; fileRef = C5143CE5292FE54800918975 /* Personagem.swift */; };
		C5143CE8292FE6A600918975 /* RequisicoesStarWarsAPI.swift in Sources */ = {isa = PBXBuildFile; fileRef = C5143CE7292FE6A600918975 /* RequisicoesStarWarsAPI.swift */; };
		C5143CEA2930041600918975 /* PlanetaView.swift in Sources */ = {isa = PBXBuildFile; fileRef = C5143CE92930041600918975 /* PlanetaView.swift */; };
		C5143CEC2930078C00918975 /* NaveView.swift in Sources */ = {isa = PBXBuildFile; fileRef = C5143CEB2930078C00918975 /* NaveView.swift */; };
		C516FA83294A5DE70034E7EF /* RecuperacaoDeSenhaControllerTests.swift in Sources */ = {isa = PBXBuildFile; fileRef = C516FA82294A5DE70034E7EF /* RecuperacaoDeSenhaControllerTests.swift */; };
		C516FA85294A66570034E7EF /* RedefinicaoDeSenhaStaticClassMock.swift in Sources */ = {isa = PBXBuildFile; fileRef = C516FA84294A66570034E7EF /* RedefinicaoDeSenhaStaticClassMock.swift */; };
		C550F8662919644D00FC2EF2 /* AppDelegate.swift in Sources */ = {isa = PBXBuildFile; fileRef = C550F8652919644D00FC2EF2 /* AppDelegate.swift */; };
		C550F8682919644D00FC2EF2 /* SceneDelegate.swift in Sources */ = {isa = PBXBuildFile; fileRef = C550F8672919644D00FC2EF2 /* SceneDelegate.swift */; };
		C550F86A2919644D00FC2EF2 /* LoginViewController.swift in Sources */ = {isa = PBXBuildFile; fileRef = C550F8692919644D00FC2EF2 /* LoginViewController.swift */; };
		C550F86F2919644E00FC2EF2 /* Assets.xcassets in Resources */ = {isa = PBXBuildFile; fileRef = C550F86E2919644E00FC2EF2 /* Assets.xcassets */; };
		C550F8722919644E00FC2EF2 /* LaunchScreen.storyboard in Resources */ = {isa = PBXBuildFile; fileRef = C550F8702919644E00FC2EF2 /* LaunchScreen.storyboard */; };
		C550F87D2919650D00FC2EF2 /* LoginView.swift in Sources */ = {isa = PBXBuildFile; fileRef = C550F87C2919650D00FC2EF2 /* LoginView.swift */; };
		C550F8812919A0D400FC2EF2 /* CriacaoDeContaViewController.swift in Sources */ = {isa = PBXBuildFile; fileRef = C550F8802919A0D400FC2EF2 /* CriacaoDeContaViewController.swift */; };
		C55BFA68291AB6890049C539 /* CriacaoDeContaView.swift in Sources */ = {isa = PBXBuildFile; fileRef = C55BFA67291AB6890049C539 /* CriacaoDeContaView.swift */; };
		C55BFA6B291ACABB0049C539 /* Usuario.swift in Sources */ = {isa = PBXBuildFile; fileRef = C55BFA6A291ACABB0049C539 /* Usuario.swift */; };
		C55BFA6E291AD0330049C539 /* ValidacoesDeDadosDoUsuario.swift in Sources */ = {isa = PBXBuildFile; fileRef = C55BFA6D291AD0330049C539 /* ValidacoesDeDadosDoUsuario.swift */; };
		C55BFA70291AD2000049C539 /* ControladorDeErros.swift in Sources */ = {isa = PBXBuildFile; fileRef = C55BFA6F291AD2000049C539 /* ControladorDeErros.swift */; };
		C55BFA76291AD51A0049C539 /* Erros.swift in Sources */ = {isa = PBXBuildFile; fileRef = C55BFA75291AD51A0049C539 /* Erros.swift */; };
		C55BFA78291AE4850049C539 /* Alerta.swift in Sources */ = {isa = PBXBuildFile; fileRef = C55BFA77291AE4850049C539 /* Alerta.swift */; };
		C56022E6293A97F9006D99E8 /* PlanetaController.swift in Sources */ = {isa = PBXBuildFile; fileRef = C56022E5293A97F9006D99E8 /* PlanetaController.swift */; };
		C56022E8293A9822006D99E8 /* Planeta.swift in Sources */ = {isa = PBXBuildFile; fileRef = C56022E7293A9822006D99E8 /* Planeta.swift */; };
		C5646B60293E523B009FD074 /* NaveController.swift in Sources */ = {isa = PBXBuildFile; fileRef = C5646B5F293E523B009FD074 /* NaveController.swift */; };
		C5646B62293E5281009FD074 /* Nave.swift in Sources */ = {isa = PBXBuildFile; fileRef = C5646B61293E5281009FD074 /* Nave.swift */; };
		C569E5E4293FB9030040885A /* VerificadorDeDadosCadastradosRepository.swift in Sources */ = {isa = PBXBuildFile; fileRef = C569E5E3293FB9030040885A /* VerificadorDeDadosCadastradosRepository.swift */; };
		C569E5EC293FDABD0040885A /* ValidadorDeLoginRepository.swift in Sources */ = {isa = PBXBuildFile; fileRef = C569E5EB293FDABD0040885A /* ValidadorDeLoginRepository.swift */; };
		C572B053293936BB00BE9D00 /* RedefinicaoDeSenhaRepository.swift in Sources */ = {isa = PBXBuildFile; fileRef = C572B052293936BB00BE9D00 /* RedefinicaoDeSenhaRepository.swift */; };
		C572B055293937D700BE9D00 /* SalvarUsuarioRepository.swift in Sources */ = {isa = PBXBuildFile; fileRef = C572B054293937D700BE9D00 /* SalvarUsuarioRepository.swift */; };
		C57BD85E293A712E00092FA9 /* PerfilViewController.swift in Sources */ = {isa = PBXBuildFile; fileRef = C57BD85D293A712E00092FA9 /* PerfilViewController.swift */; };
		C57BD860293A733900092FA9 /* PerfilView.swift in Sources */ = {isa = PBXBuildFile; fileRef = C57BD85F293A733900092FA9 /* PerfilView.swift */; };
		C581A7B529313FB30092DF05 /* PersonagemController.swift in Sources */ = {isa = PBXBuildFile; fileRef = C581A7B429313FB30092DF05 /* PersonagemController.swift */; };
		C587194E2947A52A00F6EDC7 /* RecuperaDadosDoUsuarioRepository.swift in Sources */ = {isa = PBXBuildFile; fileRef = C587194D2947A52A00F6EDC7 /* RecuperaDadosDoUsuarioRepository.swift */; };
		C58D4095292E8D6300A1C6BC /* RecuperacaoDeSenhaController.swift in Sources */ = {isa = PBXBuildFile; fileRef = C58D4094292E8D6300A1C6BC /* RecuperacaoDeSenhaController.swift */; };
		C58D409B292EB46F00A1C6BC /* PersonagemViewController.swift in Sources */ = {isa = PBXBuildFile; fileRef = C58D409A292EB46F00A1C6BC /* PersonagemViewController.swift */; };
		C58D409D292EB49700A1C6BC /* NaveViewController.swift in Sources */ = {isa = PBXBuildFile; fileRef = C58D409C292EB49700A1C6BC /* NaveViewController.swift */; };
		C58D409F292EB4B400A1C6BC /* PlanetaViewController.swift in Sources */ = {isa = PBXBuildFile; fileRef = C58D409E292EB4B400A1C6BC /* PlanetaViewController.swift */; };
		C58D40A1292EBBDF00A1C6BC /* PersonagemView.swift in Sources */ = {isa = PBXBuildFile; fileRef = C58D40A0292EBBDF00A1C6BC /* PersonagemView.swift */; };
		C5B5E74D2948EDDB001F87AE /* ValidacoesDeDadosDoUsuarioTests.swift in Sources */ = {isa = PBXBuildFile; fileRef = C5B5E74C2948EDDB001F87AE /* ValidacoesDeDadosDoUsuarioTests.swift */; };
		C5B5E74F294912D6001F87AE /* CriacaoDeContaControllerTests.swift in Sources */ = {isa = PBXBuildFile; fileRef = C5B5E74E294912D6001F87AE /* CriacaoDeContaControllerTests.swift */; };
		C5BCB746294BA55F002B9C62 /* RedefinicaoDeSenhaStaticClassTests.swift in Sources */ = {isa = PBXBuildFile; fileRef = C5BCB745294BA55F002B9C62 /* RedefinicaoDeSenhaStaticClassTests.swift */; };
		C5BCB748294BB542002B9C62 /* SalvarUsuarioStaticClassTests.swift in Sources */ = {isa = PBXBuildFile; fileRef = C5BCB747294BB542002B9C62 /* SalvarUsuarioStaticClassTests.swift */; };
		C5BDB914294A49AC007DD78D /* SalvarUsuarioStaticClassMock.swift in Sources */ = {isa = PBXBuildFile; fileRef = C5BDB913294A49AC007DD78D /* SalvarUsuarioStaticClassMock.swift */; };
		C5BDB916294A5208007DD78D /* LoginControllerTests.swift in Sources */ = {isa = PBXBuildFile; fileRef = C5BDB915294A5208007DD78D /* LoginControllerTests.swift */; };
		C5C3455A291D7F9B00E3097A /* CriacaoDeContaController.swift in Sources */ = {isa = PBXBuildFile; fileRef = C5C34559291D7F9B00E3097A /* CriacaoDeContaController.swift */; };
		C5C3455C291D860300E3097A /* UsuariosDadosStatic.swift in Sources */ = {isa = PBXBuildFile; fileRef = C5C3455B291D860300E3097A /* UsuariosDadosStatic.swift */; };
		C5C3455F291D907A00E3097A /* LoginController.swift in Sources */ = {isa = PBXBuildFile; fileRef = C5C3455E291D907A00E3097A /* LoginController.swift */; };
/* End PBXBuildFile section */

/* Begin PBXContainerItemProxy section */
		C5B5E7472948ED43001F87AE /* PBXContainerItemProxy */ = {
			isa = PBXContainerItemProxy;
			containerPortal = C550F85A2919644D00FC2EF2 /* Project object */;
			proxyType = 1;
			remoteGlobalIDString = C550F8612919644D00FC2EF2;
			remoteInfo = "sistema-login";
		};
/* End PBXContainerItemProxy section */

/* Begin PBXFileReference section */
		2DB5774E8D305161E014DB5E /* Pods-sistema-login.release.xcconfig */ = {isa = PBXFileReference; includeInIndex = 1; lastKnownFileType = text.xcconfig; name = "Pods-sistema-login.release.xcconfig"; path = "Target Support Files/Pods-sistema-login/Pods-sistema-login.release.xcconfig"; sourceTree = "<group>"; };
		93DBB7636CB219919BF06E4E /* Pods-sistema-login.debug.xcconfig */ = {isa = PBXFileReference; includeInIndex = 1; lastKnownFileType = text.xcconfig; name = "Pods-sistema-login.debug.xcconfig"; path = "Target Support Files/Pods-sistema-login/Pods-sistema-login.debug.xcconfig"; sourceTree = "<group>"; };
		C50DC29D291EDE28001CC4F9 /* HomeTabBarController.swift */ = {isa = PBXFileReference; lastKnownFileType = sourcecode.swift; path = HomeTabBarController.swift; sourceTree = "<group>"; };
		C50E6426292D56E100D8047C /* RecuperacaoDeSenhaViewController.swift */ = {isa = PBXFileReference; lastKnownFileType = sourcecode.swift; path = RecuperacaoDeSenhaViewController.swift; sourceTree = "<group>"; };
		C50E6428292D572200D8047C /* RecuperacaoDeSenhaView.swift */ = {isa = PBXFileReference; lastKnownFileType = sourcecode.swift; path = RecuperacaoDeSenhaView.swift; sourceTree = "<group>"; };
		C5143CE5292FE54800918975 /* Personagem.swift */ = {isa = PBXFileReference; lastKnownFileType = sourcecode.swift; path = Personagem.swift; sourceTree = "<group>"; };
		C5143CE7292FE6A600918975 /* RequisicoesStarWarsAPI.swift */ = {isa = PBXFileReference; lastKnownFileType = sourcecode.swift; path = RequisicoesStarWarsAPI.swift; sourceTree = "<group>"; };
		C5143CE92930041600918975 /* PlanetaView.swift */ = {isa = PBXFileReference; lastKnownFileType = sourcecode.swift; path = PlanetaView.swift; sourceTree = "<group>"; };
		C5143CEB2930078C00918975 /* NaveView.swift */ = {isa = PBXFileReference; lastKnownFileType = sourcecode.swift; path = NaveView.swift; sourceTree = "<group>"; };
		C516FA82294A5DE70034E7EF /* RecuperacaoDeSenhaControllerTests.swift */ = {isa = PBXFileReference; lastKnownFileType = sourcecode.swift; path = RecuperacaoDeSenhaControllerTests.swift; sourceTree = "<group>"; };
		C516FA84294A66570034E7EF /* RedefinicaoDeSenhaStaticClassMock.swift */ = {isa = PBXFileReference; lastKnownFileType = sourcecode.swift; path = RedefinicaoDeSenhaStaticClassMock.swift; sourceTree = "<group>"; };
		C550F8622919644D00FC2EF2 /* sistema-login.app */ = {isa = PBXFileReference; explicitFileType = wrapper.application; includeInIndex = 0; path = "sistema-login.app"; sourceTree = BUILT_PRODUCTS_DIR; };
		C550F8652919644D00FC2EF2 /* AppDelegate.swift */ = {isa = PBXFileReference; lastKnownFileType = sourcecode.swift; path = AppDelegate.swift; sourceTree = "<group>"; };
		C550F8672919644D00FC2EF2 /* SceneDelegate.swift */ = {isa = PBXFileReference; lastKnownFileType = sourcecode.swift; path = SceneDelegate.swift; sourceTree = "<group>"; };
		C550F8692919644D00FC2EF2 /* LoginViewController.swift */ = {isa = PBXFileReference; lastKnownFileType = sourcecode.swift; path = LoginViewController.swift; sourceTree = "<group>"; };
		C550F86E2919644E00FC2EF2 /* Assets.xcassets */ = {isa = PBXFileReference; lastKnownFileType = folder.assetcatalog; path = Assets.xcassets; sourceTree = "<group>"; };
		C550F8712919644E00FC2EF2 /* Base */ = {isa = PBXFileReference; lastKnownFileType = file.storyboard; name = Base; path = Base.lproj/LaunchScreen.storyboard; sourceTree = "<group>"; };
		C550F8732919644E00FC2EF2 /* Info.plist */ = {isa = PBXFileReference; lastKnownFileType = text.plist.xml; path = Info.plist; sourceTree = "<group>"; };
		C550F87C2919650D00FC2EF2 /* LoginView.swift */ = {isa = PBXFileReference; lastKnownFileType = sourcecode.swift; path = LoginView.swift; sourceTree = "<group>"; };
		C550F8802919A0D400FC2EF2 /* CriacaoDeContaViewController.swift */ = {isa = PBXFileReference; lastKnownFileType = sourcecode.swift; path = CriacaoDeContaViewController.swift; sourceTree = "<group>"; };
		C55BFA67291AB6890049C539 /* CriacaoDeContaView.swift */ = {isa = PBXFileReference; lastKnownFileType = sourcecode.swift; path = CriacaoDeContaView.swift; sourceTree = "<group>"; };
		C55BFA6A291ACABB0049C539 /* Usuario.swift */ = {isa = PBXFileReference; lastKnownFileType = sourcecode.swift; path = Usuario.swift; sourceTree = "<group>"; };
		C55BFA6D291AD0330049C539 /* ValidacoesDeDadosDoUsuario.swift */ = {isa = PBXFileReference; lastKnownFileType = sourcecode.swift; path = ValidacoesDeDadosDoUsuario.swift; sourceTree = "<group>"; };
		C55BFA6F291AD2000049C539 /* ControladorDeErros.swift */ = {isa = PBXFileReference; lastKnownFileType = sourcecode.swift; path = ControladorDeErros.swift; sourceTree = "<group>"; };
		C55BFA75291AD51A0049C539 /* Erros.swift */ = {isa = PBXFileReference; lastKnownFileType = sourcecode.swift; path = Erros.swift; sourceTree = "<group>"; };
		C55BFA77291AE4850049C539 /* Alerta.swift */ = {isa = PBXFileReference; lastKnownFileType = sourcecode.swift; path = Alerta.swift; sourceTree = "<group>"; };
		C56022E5293A97F9006D99E8 /* PlanetaController.swift */ = {isa = PBXFileReference; lastKnownFileType = sourcecode.swift; path = PlanetaController.swift; sourceTree = "<group>"; };
		C56022E7293A9822006D99E8 /* Planeta.swift */ = {isa = PBXFileReference; lastKnownFileType = sourcecode.swift; path = Planeta.swift; sourceTree = "<group>"; };
		C5646B5F293E523B009FD074 /* NaveController.swift */ = {isa = PBXFileReference; lastKnownFileType = sourcecode.swift; path = NaveController.swift; sourceTree = "<group>"; };
		C5646B61293E5281009FD074 /* Nave.swift */ = {isa = PBXFileReference; lastKnownFileType = sourcecode.swift; path = Nave.swift; sourceTree = "<group>"; };
		C569E5E3293FB9030040885A /* VerificadorDeDadosCadastradosRepository.swift */ = {isa = PBXFileReference; lastKnownFileType = sourcecode.swift; path = VerificadorDeDadosCadastradosRepository.swift; sourceTree = "<group>"; };
		C569E5EB293FDABD0040885A /* ValidadorDeLoginRepository.swift */ = {isa = PBXFileReference; lastKnownFileType = sourcecode.swift; path = ValidadorDeLoginRepository.swift; sourceTree = "<group>"; };
		C572B052293936BB00BE9D00 /* RedefinicaoDeSenhaRepository.swift */ = {isa = PBXFileReference; lastKnownFileType = sourcecode.swift; path = RedefinicaoDeSenhaRepository.swift; sourceTree = "<group>"; };
		C572B054293937D700BE9D00 /* SalvarUsuarioRepository.swift */ = {isa = PBXFileReference; lastKnownFileType = sourcecode.swift; path = SalvarUsuarioRepository.swift; sourceTree = "<group>"; };
		C57BD85D293A712E00092FA9 /* PerfilViewController.swift */ = {isa = PBXFileReference; lastKnownFileType = sourcecode.swift; path = PerfilViewController.swift; sourceTree = "<group>"; };
		C57BD85F293A733900092FA9 /* PerfilView.swift */ = {isa = PBXFileReference; lastKnownFileType = sourcecode.swift; path = PerfilView.swift; sourceTree = "<group>"; };
		C581A7B429313FB30092DF05 /* PersonagemController.swift */ = {isa = PBXFileReference; lastKnownFileType = sourcecode.swift; path = PersonagemController.swift; sourceTree = "<group>"; };
		C587194D2947A52A00F6EDC7 /* RecuperaDadosDoUsuarioRepository.swift */ = {isa = PBXFileReference; lastKnownFileType = sourcecode.swift; path = RecuperaDadosDoUsuarioRepository.swift; sourceTree = "<group>"; };
		C58D4094292E8D6300A1C6BC /* RecuperacaoDeSenhaController.swift */ = {isa = PBXFileReference; lastKnownFileType = sourcecode.swift; path = RecuperacaoDeSenhaController.swift; sourceTree = "<group>"; };
		C58D409A292EB46F00A1C6BC /* PersonagemViewController.swift */ = {isa = PBXFileReference; lastKnownFileType = sourcecode.swift; path = PersonagemViewController.swift; sourceTree = "<group>"; };
		C58D409C292EB49700A1C6BC /* NaveViewController.swift */ = {isa = PBXFileReference; lastKnownFileType = sourcecode.swift; path = NaveViewController.swift; sourceTree = "<group>"; };
		C58D409E292EB4B400A1C6BC /* PlanetaViewController.swift */ = {isa = PBXFileReference; lastKnownFileType = sourcecode.swift; path = PlanetaViewController.swift; sourceTree = "<group>"; };
		C58D40A0292EBBDF00A1C6BC /* PersonagemView.swift */ = {isa = PBXFileReference; lastKnownFileType = sourcecode.swift; path = PersonagemView.swift; sourceTree = "<group>"; };
		C5B5E7432948ED42001F87AE /* sistema-loginTests.xctest */ = {isa = PBXFileReference; explicitFileType = wrapper.cfbundle; includeInIndex = 0; path = "sistema-loginTests.xctest"; sourceTree = BUILT_PRODUCTS_DIR; };
		C5B5E74C2948EDDB001F87AE /* ValidacoesDeDadosDoUsuarioTests.swift */ = {isa = PBXFileReference; lastKnownFileType = sourcecode.swift; path = ValidacoesDeDadosDoUsuarioTests.swift; sourceTree = "<group>"; };
		C5B5E74E294912D6001F87AE /* CriacaoDeContaControllerTests.swift */ = {isa = PBXFileReference; lastKnownFileType = sourcecode.swift; path = CriacaoDeContaControllerTests.swift; sourceTree = "<group>"; };
		C5BCB745294BA55F002B9C62 /* RedefinicaoDeSenhaStaticClassTests.swift */ = {isa = PBXFileReference; lastKnownFileType = sourcecode.swift; path = RedefinicaoDeSenhaStaticClassTests.swift; sourceTree = "<group>"; };
		C5BCB747294BB542002B9C62 /* SalvarUsuarioStaticClassTests.swift */ = {isa = PBXFileReference; lastKnownFileType = sourcecode.swift; path = SalvarUsuarioStaticClassTests.swift; sourceTree = "<group>"; };
		C5BDB913294A49AC007DD78D /* SalvarUsuarioStaticClassMock.swift */ = {isa = PBXFileReference; lastKnownFileType = sourcecode.swift; path = SalvarUsuarioStaticClassMock.swift; sourceTree = "<group>"; };
		C5BDB915294A5208007DD78D /* LoginControllerTests.swift */ = {isa = PBXFileReference; lastKnownFileType = sourcecode.swift; path = LoginControllerTests.swift; sourceTree = "<group>"; };
		C5C34559291D7F9B00E3097A /* CriacaoDeContaController.swift */ = {isa = PBXFileReference; lastKnownFileType = sourcecode.swift; path = CriacaoDeContaController.swift; sourceTree = "<group>"; };
		C5C3455B291D860300E3097A /* UsuariosDadosStatic.swift */ = {isa = PBXFileReference; lastKnownFileType = sourcecode.swift; path = UsuariosDadosStatic.swift; sourceTree = "<group>"; };
		C5C3455E291D907A00E3097A /* LoginController.swift */ = {isa = PBXFileReference; lastKnownFileType = sourcecode.swift; path = LoginController.swift; sourceTree = "<group>"; };
		D50371AA3CD9FF92D62A5B2F /* Pods_sistema_login.framework */ = {isa = PBXFileReference; explicitFileType = wrapper.framework; includeInIndex = 0; path = Pods_sistema_login.framework; sourceTree = BUILT_PRODUCTS_DIR; };
/* End PBXFileReference section */

/* Begin PBXFrameworksBuildPhase section */
		C550F85F2919644D00FC2EF2 /* Frameworks */ = {
			isa = PBXFrameworksBuildPhase;
			buildActionMask = 2147483647;
			files = (
				6A21565CD457E107CB9720D4 /* Pods_sistema_login.framework in Frameworks */,
			);
			runOnlyForDeploymentPostprocessing = 0;
		};
		C5B5E7402948ED42001F87AE /* Frameworks */ = {
			isa = PBXFrameworksBuildPhase;
			buildActionMask = 2147483647;
			files = (
			);
			runOnlyForDeploymentPostprocessing = 0;
		};
/* End PBXFrameworksBuildPhase section */

/* Begin PBXGroup section */
		2BF2FFBE08BEF0F7685E9711 /* Pods */ = {
			isa = PBXGroup;
			children = (
				93DBB7636CB219919BF06E4E /* Pods-sistema-login.debug.xcconfig */,
				2DB5774E8D305161E014DB5E /* Pods-sistema-login.release.xcconfig */,
			);
			path = Pods;
			sourceTree = "<group>";
		};
		72F391FBD2A61EA2A617C0F9 /* Frameworks */ = {
			isa = PBXGroup;
			children = (
				D50371AA3CD9FF92D62A5B2F /* Pods_sistema_login.framework */,
			);
			name = Frameworks;
			sourceTree = "<group>";
		};
		C50DC29C291EDE08001CC4F9 /* Home */ = {
			isa = PBXGroup;
			children = (
				C50DC29D291EDE28001CC4F9 /* HomeTabBarController.swift */,
				C58D4096292EB40200A1C6BC /* Telas */,
			);
			path = Home;
			sourceTree = "<group>";
		};
		C50E6425292D56C900D8047C /* RecuperacaoDeSenha */ = {
			isa = PBXGroup;
			children = (
				C50E6426292D56E100D8047C /* RecuperacaoDeSenhaViewController.swift */,
				C50E6428292D572200D8047C /* RecuperacaoDeSenhaView.swift */,
			);
			path = RecuperacaoDeSenha;
			sourceTree = "<group>";
		};
		C5252555291C44F5002508F5 /* src */ = {
			isa = PBXGroup;
			children = (
				C569E5E8293FBDA10040885A /* Dados */,
				C569E5E7293FBD300040885A /* Repository */,
				C55BFA69291ACA7B0049C539 /* Model */,
				C5252556291C4502002508F5 /* Service */,
			);
			path = src;
			sourceTree = "<group>";
		};
		C5252556291C4502002508F5 /* Service */ = {
			isa = PBXGroup;
			children = (
				C55BFA6D291AD0330049C539 /* ValidacoesDeDadosDoUsuario.swift */,
				C55BFA77291AE4850049C539 /* Alerta.swift */,
				C5143CE7292FE6A600918975 /* RequisicoesStarWarsAPI.swift */,
			);
			path = Service;
			sourceTree = "<group>";
		};
		C5252557291C452B002508F5 /* Views */ = {
			isa = PBXGroup;
			children = (
				C50E6425292D56C900D8047C /* RecuperacaoDeSenha */,
				C525255A291C4572002508F5 /* Login */,
				C5252559291C4548002508F5 /* CriacaoDeConta */,
				C50DC29C291EDE08001CC4F9 /* Home */,
			);
			path = Views;
			sourceTree = "<group>";
		};
		C5252558291C4535002508F5 /* Controllers */ = {
			isa = PBXGroup;
			children = (
				C58D4093292E8D3F00A1C6BC /* RecuperacaoDeSenhaController */,
				C5C3455D291D906300E3097A /* Login */,
				C5C34558291D7F8900E3097A /* CriacaoDeConta */,
			);
			path = Controllers;
			sourceTree = "<group>";
		};
		C5252559291C4548002508F5 /* CriacaoDeConta */ = {
			isa = PBXGroup;
			children = (
				C550F8802919A0D400FC2EF2 /* CriacaoDeContaViewController.swift */,
				C55BFA67291AB6890049C539 /* CriacaoDeContaView.swift */,
			);
			path = CriacaoDeConta;
			sourceTree = "<group>";
		};
		C525255A291C4572002508F5 /* Login */ = {
			isa = PBXGroup;
			children = (
				C550F8692919644D00FC2EF2 /* LoginViewController.swift */,
				C550F87C2919650D00FC2EF2 /* LoginView.swift */,
			);
			path = Login;
			sourceTree = "<group>";
		};
		C550F8592919644D00FC2EF2 = {
			isa = PBXGroup;
			children = (
				C550F8642919644D00FC2EF2 /* sistema-login */,
				C5B5E7442948ED42001F87AE /* sistema-loginTests */,
				C550F8632919644D00FC2EF2 /* Products */,
				2BF2FFBE08BEF0F7685E9711 /* Pods */,
				72F391FBD2A61EA2A617C0F9 /* Frameworks */,
			);
			sourceTree = "<group>";
		};
		C550F8632919644D00FC2EF2 /* Products */ = {
			isa = PBXGroup;
			children = (
				C550F8622919644D00FC2EF2 /* sistema-login.app */,
				C5B5E7432948ED42001F87AE /* sistema-loginTests.xctest */,
			);
			name = Products;
			sourceTree = "<group>";
		};
		C550F8642919644D00FC2EF2 /* sistema-login */ = {
			isa = PBXGroup;
			children = (
				C5BDB912294A4974007DD78D /* Mocks */,
				C5252555291C44F5002508F5 /* src */,
				C5252557291C452B002508F5 /* Views */,
				C5252558291C4535002508F5 /* Controllers */,
				C550F8652919644D00FC2EF2 /* AppDelegate.swift */,
				C550F8672919644D00FC2EF2 /* SceneDelegate.swift */,
				C550F86E2919644E00FC2EF2 /* Assets.xcassets */,
				C550F8702919644E00FC2EF2 /* LaunchScreen.storyboard */,
				C550F8732919644E00FC2EF2 /* Info.plist */,
			);
			path = "sistema-login";
			sourceTree = "<group>";
		};
		C55BFA69291ACA7B0049C539 /* Model */ = {
			isa = PBXGroup;
			children = (
				C55BFA6F291AD2000049C539 /* ControladorDeErros.swift */,
				C55BFA6A291ACABB0049C539 /* Usuario.swift */,
				C5143CE5292FE54800918975 /* Personagem.swift */,
				C55BFA75291AD51A0049C539 /* Erros.swift */,
				C56022E7293A9822006D99E8 /* Planeta.swift */,
				C5646B61293E5281009FD074 /* Nave.swift */,
			);
			path = Model;
			sourceTree = "<group>";
		};
		C569E5E7293FBD300040885A /* Repository */ = {
			isa = PBXGroup;
			children = (
				C572B052293936BB00BE9D00 /* RedefinicaoDeSenhaRepository.swift */,
				C572B054293937D700BE9D00 /* SalvarUsuarioRepository.swift */,
				C569E5E3293FB9030040885A /* VerificadorDeDadosCadastradosRepository.swift */,
				C569E5EB293FDABD0040885A /* ValidadorDeLoginRepository.swift */,
				C587194D2947A52A00F6EDC7 /* RecuperaDadosDoUsuarioRepository.swift */,
			);
			path = Repository;
			sourceTree = "<group>";
		};
		C569E5E8293FBDA10040885A /* Dados */ = {
			isa = PBXGroup;
			children = (
				C5C3455B291D860300E3097A /* UsuariosDadosStatic.swift */,
			);
			path = Dados;
			sourceTree = "<group>";
		};
		C57BD85C293A70C400092FA9 /* Perfil */ = {
			isa = PBXGroup;
			children = (
				C57BD85D293A712E00092FA9 /* PerfilViewController.swift */,
				C57BD85F293A733900092FA9 /* PerfilView.swift */,
			);
			path = Perfil;
			sourceTree = "<group>";
		};
		C58D4093292E8D3F00A1C6BC /* RecuperacaoDeSenhaController */ = {
			isa = PBXGroup;
			children = (
				C58D4094292E8D6300A1C6BC /* RecuperacaoDeSenhaController.swift */,
			);
			path = RecuperacaoDeSenhaController;
			sourceTree = "<group>";
		};
		C58D4096292EB40200A1C6BC /* Telas */ = {
			isa = PBXGroup;
			children = (
				C58D4097292EB41500A1C6BC /* Personagem */,
				C58D4098292EB43000A1C6BC /* Planeta */,
				C58D4099292EB43F00A1C6BC /* Nave */,
				C57BD85C293A70C400092FA9 /* Perfil */,
			);
			path = Telas;
			sourceTree = "<group>";
		};
		C58D4097292EB41500A1C6BC /* Personagem */ = {
			isa = PBXGroup;
			children = (
				C58D409A292EB46F00A1C6BC /* PersonagemViewController.swift */,
				C58D40A0292EBBDF00A1C6BC /* PersonagemView.swift */,
				C581A7B429313FB30092DF05 /* PersonagemController.swift */,
			);
			path = Personagem;
			sourceTree = "<group>";
		};
		C58D4098292EB43000A1C6BC /* Planeta */ = {
			isa = PBXGroup;
			children = (
				C58D409E292EB4B400A1C6BC /* PlanetaViewController.swift */,
				C5143CE92930041600918975 /* PlanetaView.swift */,
				C56022E5293A97F9006D99E8 /* PlanetaController.swift */,
			);
			path = Planeta;
			sourceTree = "<group>";
		};
		C58D4099292EB43F00A1C6BC /* Nave */ = {
			isa = PBXGroup;
			children = (
				C58D409C292EB49700A1C6BC /* NaveViewController.swift */,
				C5143CEB2930078C00918975 /* NaveView.swift */,
				C5646B5F293E523B009FD074 /* NaveController.swift */,
			);
			path = Nave;
			sourceTree = "<group>";
		};
		C5B5E7442948ED42001F87AE /* sistema-loginTests */ = {
			isa = PBXGroup;
			children = (
				C5BCB744294BA532002B9C62 /* Repository */,
				C5BCB743294BA51B002B9C62 /* Service */,
				C5BCB742294BA504002B9C62 /* Controllers */,
			);
			path = "sistema-loginTests";
			sourceTree = "<group>";
		};
		C5BCB742294BA504002B9C62 /* Controllers */ = {
			isa = PBXGroup;
			children = (
				C5BDB915294A5208007DD78D /* LoginControllerTests.swift */,
				C5B5E74E294912D6001F87AE /* CriacaoDeContaControllerTests.swift */,
				C516FA82294A5DE70034E7EF /* RecuperacaoDeSenhaControllerTests.swift */,
			);
			path = Controllers;
			sourceTree = "<group>";
		};
		C5BCB743294BA51B002B9C62 /* Service */ = {
			isa = PBXGroup;
			children = (
				C5B5E74C2948EDDB001F87AE /* ValidacoesDeDadosDoUsuarioTests.swift */,
			);
			path = Service;
			sourceTree = "<group>";
		};
		C5BCB744294BA532002B9C62 /* Repository */ = {
			isa = PBXGroup;
			children = (
				C5BCB745294BA55F002B9C62 /* RedefinicaoDeSenhaStaticClassTests.swift */,
				C5BCB747294BB542002B9C62 /* SalvarUsuarioStaticClassTests.swift */,
			);
			path = Repository;
			sourceTree = "<group>";
		};
		C5BDB912294A4974007DD78D /* Mocks */ = {
			isa = PBXGroup;
			children = (
				C5BDB913294A49AC007DD78D /* SalvarUsuarioStaticClassMock.swift */,
				C516FA84294A66570034E7EF /* RedefinicaoDeSenhaStaticClassMock.swift */,
			);
			path = Mocks;
			sourceTree = "<group>";
		};
		C5C34558291D7F8900E3097A /* CriacaoDeConta */ = {
			isa = PBXGroup;
			children = (
				C5C34559291D7F9B00E3097A /* CriacaoDeContaController.swift */,
			);
			path = CriacaoDeConta;
			sourceTree = "<group>";
		};
		C5C3455D291D906300E3097A /* Login */ = {
			isa = PBXGroup;
			children = (
				C5C3455E291D907A00E3097A /* LoginController.swift */,
			);
			path = Login;
			sourceTree = "<group>";
		};
/* End PBXGroup section */

/* Begin PBXNativeTarget section */
		C550F8612919644D00FC2EF2 /* sistema-login */ = {
			isa = PBXNativeTarget;
			buildConfigurationList = C550F8762919644E00FC2EF2 /* Build configuration list for PBXNativeTarget "sistema-login" */;
			buildPhases = (
				00F6FE9E1C2806282851643D /* [CP] Check Pods Manifest.lock */,
				C550F85E2919644D00FC2EF2 /* Sources */,
				C550F85F2919644D00FC2EF2 /* Frameworks */,
				C550F8602919644D00FC2EF2 /* Resources */,
				C123AD8992FB8D8FC7717760 /* [CP] Embed Pods Frameworks */,
			);
			buildRules = (
			);
			dependencies = (
			);
			name = "sistema-login";
			productName = "sistema-login";
			productReference = C550F8622919644D00FC2EF2 /* sistema-login.app */;
			productType = "com.apple.product-type.application";
		};
		C5B5E7422948ED42001F87AE /* sistema-loginTests */ = {
			isa = PBXNativeTarget;
			buildConfigurationList = C5B5E7492948ED43001F87AE /* Build configuration list for PBXNativeTarget "sistema-loginTests" */;
			buildPhases = (
				C5B5E73F2948ED42001F87AE /* Sources */,
				C5B5E7402948ED42001F87AE /* Frameworks */,
				C5B5E7412948ED42001F87AE /* Resources */,
			);
			buildRules = (
			);
			dependencies = (
				C5B5E7482948ED43001F87AE /* PBXTargetDependency */,
			);
			name = "sistema-loginTests";
			productName = "sistema-loginTests";
			productReference = C5B5E7432948ED42001F87AE /* sistema-loginTests.xctest */;
			productType = "com.apple.product-type.bundle.unit-test";
		};
/* End PBXNativeTarget section */

/* Begin PBXProject section */
		C550F85A2919644D00FC2EF2 /* Project object */ = {
			isa = PBXProject;
			attributes = {
				BuildIndependentTargetsInParallel = 1;
				LastSwiftUpdateCheck = 1400;
				LastUpgradeCheck = 1400;
				TargetAttributes = {
					C550F8612919644D00FC2EF2 = {
						CreatedOnToolsVersion = 14.0.1;
					};
					C5B5E7422948ED42001F87AE = {
						CreatedOnToolsVersion = 14.0.1;
						TestTargetID = C550F8612919644D00FC2EF2;
					};
				};
			};
			buildConfigurationList = C550F85D2919644D00FC2EF2 /* Build configuration list for PBXProject "sistema-login" */;
			compatibilityVersion = "Xcode 14.0";
			developmentRegion = en;
			hasScannedForEncodings = 0;
			knownRegions = (
				en,
				Base,
			);
			mainGroup = C550F8592919644D00FC2EF2;
			productRefGroup = C550F8632919644D00FC2EF2 /* Products */;
			projectDirPath = "";
			projectRoot = "";
			targets = (
				C550F8612919644D00FC2EF2 /* sistema-login */,
				C5B5E7422948ED42001F87AE /* sistema-loginTests */,
			);
		};
/* End PBXProject section */

/* Begin PBXResourcesBuildPhase section */
		C550F8602919644D00FC2EF2 /* Resources */ = {
			isa = PBXResourcesBuildPhase;
			buildActionMask = 2147483647;
			files = (
				C550F8722919644E00FC2EF2 /* LaunchScreen.storyboard in Resources */,
				C550F86F2919644E00FC2EF2 /* Assets.xcassets in Resources */,
			);
			runOnlyForDeploymentPostprocessing = 0;
		};
		C5B5E7412948ED42001F87AE /* Resources */ = {
			isa = PBXResourcesBuildPhase;
			buildActionMask = 2147483647;
			files = (
			);
			runOnlyForDeploymentPostprocessing = 0;
		};
/* End PBXResourcesBuildPhase section */

/* Begin PBXShellScriptBuildPhase section */
		00F6FE9E1C2806282851643D /* [CP] Check Pods Manifest.lock */ = {
			isa = PBXShellScriptBuildPhase;
			buildActionMask = 2147483647;
			files = (
			);
			inputFileListPaths = (
			);
			inputPaths = (
				"${PODS_PODFILE_DIR_PATH}/Podfile.lock",
				"${PODS_ROOT}/Manifest.lock",
			);
			name = "[CP] Check Pods Manifest.lock";
			outputFileListPaths = (
			);
			outputPaths = (
				"$(DERIVED_FILE_DIR)/Pods-sistema-login-checkManifestLockResult.txt",
			);
			runOnlyForDeploymentPostprocessing = 0;
			shellPath = /bin/sh;
			shellScript = "diff \"${PODS_PODFILE_DIR_PATH}/Podfile.lock\" \"${PODS_ROOT}/Manifest.lock\" > /dev/null\nif [ $? != 0 ] ; then\n    # print error to STDERR\n    echo \"error: The sandbox is not in sync with the Podfile.lock. Run 'pod install' or update your CocoaPods installation.\" >&2\n    exit 1\nfi\n# This output is used by Xcode 'outputs' to avoid re-running this script phase.\necho \"SUCCESS\" > \"${SCRIPT_OUTPUT_FILE_0}\"\n";
			showEnvVarsInLog = 0;
		};
		C123AD8992FB8D8FC7717760 /* [CP] Embed Pods Frameworks */ = {
			isa = PBXShellScriptBuildPhase;
			buildActionMask = 2147483647;
			files = (
			);
			inputFileListPaths = (
				"${PODS_ROOT}/Target Support Files/Pods-sistema-login/Pods-sistema-login-frameworks-${CONFIGURATION}-input-files.xcfilelist",
			);
			name = "[CP] Embed Pods Frameworks";
			outputFileListPaths = (
				"${PODS_ROOT}/Target Support Files/Pods-sistema-login/Pods-sistema-login-frameworks-${CONFIGURATION}-output-files.xcfilelist",
			);
			runOnlyForDeploymentPostprocessing = 0;
			shellPath = /bin/sh;
			shellScript = "\"${PODS_ROOT}/Target Support Files/Pods-sistema-login/Pods-sistema-login-frameworks.sh\"\n";
			showEnvVarsInLog = 0;
		};
/* End PBXShellScriptBuildPhase section */

/* Begin PBXSourcesBuildPhase section */
		C550F85E2919644D00FC2EF2 /* Sources */ = {
			isa = PBXSourcesBuildPhase;
			buildActionMask = 2147483647;
			files = (
				C57BD85E293A712E00092FA9 /* PerfilViewController.swift in Sources */,
				C58D409F292EB4B400A1C6BC /* PlanetaViewController.swift in Sources */,
				C55BFA70291AD2000049C539 /* ControladorDeErros.swift in Sources */,
				C569E5E4293FB9030040885A /* VerificadorDeDadosCadastradosRepository.swift in Sources */,
				C57BD860293A733900092FA9 /* PerfilView.swift in Sources */,
				C5C3455A291D7F9B00E3097A /* CriacaoDeContaController.swift in Sources */,
				C56022E8293A9822006D99E8 /* Planeta.swift in Sources */,
				C5BDB914294A49AC007DD78D /* SalvarUsuarioStaticClassMock.swift in Sources */,
				C50E6427292D56E100D8047C /* RecuperacaoDeSenhaViewController.swift in Sources */,
				C5143CE8292FE6A600918975 /* RequisicoesStarWarsAPI.swift in Sources */,
				C572B053293936BB00BE9D00 /* RedefinicaoDeSenhaRepository.swift in Sources */,
				C5143CE6292FE54800918975 /* Personagem.swift in Sources */,
				C5143CEA2930041600918975 /* PlanetaView.swift in Sources */,
				C550F86A2919644D00FC2EF2 /* LoginViewController.swift in Sources */,
				C55BFA6E291AD0330049C539 /* ValidacoesDeDadosDoUsuario.swift in Sources */,
				C5646B62293E5281009FD074 /* Nave.swift in Sources */,
				C572B055293937D700BE9D00 /* SalvarUsuarioRepository.swift in Sources */,
				C550F87D2919650D00FC2EF2 /* LoginView.swift in Sources */,
				C50E6429292D572200D8047C /* RecuperacaoDeSenhaView.swift in Sources */,
				C58D4095292E8D6300A1C6BC /* RecuperacaoDeSenhaController.swift in Sources */,
				C58D40A1292EBBDF00A1C6BC /* PersonagemView.swift in Sources */,
				C569E5EC293FDABD0040885A /* ValidadorDeLoginRepository.swift in Sources */,
				C55BFA6B291ACABB0049C539 /* Usuario.swift in Sources */,
				C58D409D292EB49700A1C6BC /* NaveViewController.swift in Sources */,
				C587194E2947A52A00F6EDC7 /* RecuperaDadosDoUsuarioRepository.swift in Sources */,
				C5C3455C291D860300E3097A /* UsuariosDadosStatic.swift in Sources */,
				C550F8662919644D00FC2EF2 /* AppDelegate.swift in Sources */,
				C516FA85294A66570034E7EF /* RedefinicaoDeSenhaStaticClassMock.swift in Sources */,
				C550F8682919644D00FC2EF2 /* SceneDelegate.swift in Sources */,
				C55BFA68291AB6890049C539 /* CriacaoDeContaView.swift in Sources */,
				C5646B60293E523B009FD074 /* NaveController.swift in Sources */,
				C581A7B529313FB30092DF05 /* PersonagemController.swift in Sources */,
				C56022E6293A97F9006D99E8 /* PlanetaController.swift in Sources */,
				C55BFA78291AE4850049C539 /* Alerta.swift in Sources */,
				C50DC29E291EDE28001CC4F9 /* HomeTabBarController.swift in Sources */,
				C550F8812919A0D400FC2EF2 /* CriacaoDeContaViewController.swift in Sources */,
				C58D409B292EB46F00A1C6BC /* PersonagemViewController.swift in Sources */,
				C55BFA76291AD51A0049C539 /* Erros.swift in Sources */,
				C5C3455F291D907A00E3097A /* LoginController.swift in Sources */,
				C5143CEC2930078C00918975 /* NaveView.swift in Sources */,
			);
			runOnlyForDeploymentPostprocessing = 0;
		};
		C5B5E73F2948ED42001F87AE /* Sources */ = {
			isa = PBXSourcesBuildPhase;
			buildActionMask = 2147483647;
			files = (
				C5B5E74D2948EDDB001F87AE /* ValidacoesDeDadosDoUsuarioTests.swift in Sources */,
				C5B5E74F294912D6001F87AE /* CriacaoDeContaControllerTests.swift in Sources */,
				C5BCB748294BB542002B9C62 /* SalvarUsuarioStaticClassTests.swift in Sources */,
				C5BDB916294A5208007DD78D /* LoginControllerTests.swift in Sources */,
				C5BCB746294BA55F002B9C62 /* RedefinicaoDeSenhaStaticClassTests.swift in Sources */,
				C516FA83294A5DE70034E7EF /* RecuperacaoDeSenhaControllerTests.swift in Sources */,
			);
			runOnlyForDeploymentPostprocessing = 0;
		};
/* End PBXSourcesBuildPhase section */

/* Begin PBXTargetDependency section */
		C5B5E7482948ED43001F87AE /* PBXTargetDependency */ = {
			isa = PBXTargetDependency;
			target = C550F8612919644D00FC2EF2 /* sistema-login */;
			targetProxy = C5B5E7472948ED43001F87AE /* PBXContainerItemProxy */;
		};
/* End PBXTargetDependency section */

/* Begin PBXVariantGroup section */
		C550F8702919644E00FC2EF2 /* LaunchScreen.storyboard */ = {
			isa = PBXVariantGroup;
			children = (
				C550F8712919644E00FC2EF2 /* Base */,
			);
			name = LaunchScreen.storyboard;
			sourceTree = "<group>";
		};
/* End PBXVariantGroup section */

/* Begin XCBuildConfiguration section */
		C550F8742919644E00FC2EF2 /* Debug */ = {
			isa = XCBuildConfiguration;
			buildSettings = {
				ALWAYS_SEARCH_USER_PATHS = NO;
				CLANG_ANALYZER_NONNULL = YES;
				CLANG_ANALYZER_NUMBER_OBJECT_CONVERSION = YES_AGGRESSIVE;
				CLANG_CXX_LANGUAGE_STANDARD = "gnu++20";
				CLANG_ENABLE_MODULES = YES;
				CLANG_ENABLE_OBJC_ARC = YES;
				CLANG_ENABLE_OBJC_WEAK = YES;
				CLANG_WARN_BLOCK_CAPTURE_AUTORELEASING = YES;
				CLANG_WARN_BOOL_CONVERSION = YES;
				CLANG_WARN_COMMA = YES;
				CLANG_WARN_CONSTANT_CONVERSION = YES;
				CLANG_WARN_DEPRECATED_OBJC_IMPLEMENTATIONS = YES;
				CLANG_WARN_DIRECT_OBJC_ISA_USAGE = YES_ERROR;
				CLANG_WARN_DOCUMENTATION_COMMENTS = YES;
				CLANG_WARN_EMPTY_BODY = YES;
				CLANG_WARN_ENUM_CONVERSION = YES;
				CLANG_WARN_INFINITE_RECURSION = YES;
				CLANG_WARN_INT_CONVERSION = YES;
				CLANG_WARN_NON_LITERAL_NULL_CONVERSION = YES;
				CLANG_WARN_OBJC_IMPLICIT_RETAIN_SELF = YES;
				CLANG_WARN_OBJC_LITERAL_CONVERSION = YES;
				CLANG_WARN_OBJC_ROOT_CLASS = YES_ERROR;
				CLANG_WARN_QUOTED_INCLUDE_IN_FRAMEWORK_HEADER = YES;
				CLANG_WARN_RANGE_LOOP_ANALYSIS = YES;
				CLANG_WARN_STRICT_PROTOTYPES = YES;
				CLANG_WARN_SUSPICIOUS_MOVE = YES;
				CLANG_WARN_UNGUARDED_AVAILABILITY = YES_AGGRESSIVE;
				CLANG_WARN_UNREACHABLE_CODE = YES;
				CLANG_WARN__DUPLICATE_METHOD_MATCH = YES;
				COPY_PHASE_STRIP = NO;
				DEBUG_INFORMATION_FORMAT = dwarf;
				ENABLE_STRICT_OBJC_MSGSEND = YES;
				ENABLE_TESTABILITY = YES;
				GCC_C_LANGUAGE_STANDARD = gnu11;
				GCC_DYNAMIC_NO_PIC = NO;
				GCC_NO_COMMON_BLOCKS = YES;
				GCC_OPTIMIZATION_LEVEL = 0;
				GCC_PREPROCESSOR_DEFINITIONS = (
					"DEBUG=1",
					"$(inherited)",
				);
				GCC_WARN_64_TO_32_BIT_CONVERSION = YES;
				GCC_WARN_ABOUT_RETURN_TYPE = YES_ERROR;
				GCC_WARN_UNDECLARED_SELECTOR = YES;
				GCC_WARN_UNINITIALIZED_AUTOS = YES_AGGRESSIVE;
				GCC_WARN_UNUSED_FUNCTION = YES;
				GCC_WARN_UNUSED_VARIABLE = YES;
				IPHONEOS_DEPLOYMENT_TARGET = 16.0;
				MTL_ENABLE_DEBUG_INFO = INCLUDE_SOURCE;
				MTL_FAST_MATH = YES;
				ONLY_ACTIVE_ARCH = YES;
				SDKROOT = iphoneos;
				SWIFT_ACTIVE_COMPILATION_CONDITIONS = DEBUG;
				SWIFT_OPTIMIZATION_LEVEL = "-Onone";
			};
			name = Debug;
		};
		C550F8752919644E00FC2EF2 /* Release */ = {
			isa = XCBuildConfiguration;
			buildSettings = {
				ALWAYS_SEARCH_USER_PATHS = NO;
				CLANG_ANALYZER_NONNULL = YES;
				CLANG_ANALYZER_NUMBER_OBJECT_CONVERSION = YES_AGGRESSIVE;
				CLANG_CXX_LANGUAGE_STANDARD = "gnu++20";
				CLANG_ENABLE_MODULES = YES;
				CLANG_ENABLE_OBJC_ARC = YES;
				CLANG_ENABLE_OBJC_WEAK = YES;
				CLANG_WARN_BLOCK_CAPTURE_AUTORELEASING = YES;
				CLANG_WARN_BOOL_CONVERSION = YES;
				CLANG_WARN_COMMA = YES;
				CLANG_WARN_CONSTANT_CONVERSION = YES;
				CLANG_WARN_DEPRECATED_OBJC_IMPLEMENTATIONS = YES;
				CLANG_WARN_DIRECT_OBJC_ISA_USAGE = YES_ERROR;
				CLANG_WARN_DOCUMENTATION_COMMENTS = YES;
				CLANG_WARN_EMPTY_BODY = YES;
				CLANG_WARN_ENUM_CONVERSION = YES;
				CLANG_WARN_INFINITE_RECURSION = YES;
				CLANG_WARN_INT_CONVERSION = YES;
				CLANG_WARN_NON_LITERAL_NULL_CONVERSION = YES;
				CLANG_WARN_OBJC_IMPLICIT_RETAIN_SELF = YES;
				CLANG_WARN_OBJC_LITERAL_CONVERSION = YES;
				CLANG_WARN_OBJC_ROOT_CLASS = YES_ERROR;
				CLANG_WARN_QUOTED_INCLUDE_IN_FRAMEWORK_HEADER = YES;
				CLANG_WARN_RANGE_LOOP_ANALYSIS = YES;
				CLANG_WARN_STRICT_PROTOTYPES = YES;
				CLANG_WARN_SUSPICIOUS_MOVE = YES;
				CLANG_WARN_UNGUARDED_AVAILABILITY = YES_AGGRESSIVE;
				CLANG_WARN_UNREACHABLE_CODE = YES;
				CLANG_WARN__DUPLICATE_METHOD_MATCH = YES;
				COPY_PHASE_STRIP = NO;
				DEBUG_INFORMATION_FORMAT = "dwarf-with-dsym";
				ENABLE_NS_ASSERTIONS = NO;
				ENABLE_STRICT_OBJC_MSGSEND = YES;
				GCC_C_LANGUAGE_STANDARD = gnu11;
				GCC_NO_COMMON_BLOCKS = YES;
				GCC_WARN_64_TO_32_BIT_CONVERSION = YES;
				GCC_WARN_ABOUT_RETURN_TYPE = YES_ERROR;
				GCC_WARN_UNDECLARED_SELECTOR = YES;
				GCC_WARN_UNINITIALIZED_AUTOS = YES_AGGRESSIVE;
				GCC_WARN_UNUSED_FUNCTION = YES;
				GCC_WARN_UNUSED_VARIABLE = YES;
				IPHONEOS_DEPLOYMENT_TARGET = 16.0;
				MTL_ENABLE_DEBUG_INFO = NO;
				MTL_FAST_MATH = YES;
				SDKROOT = iphoneos;
				SWIFT_COMPILATION_MODE = wholemodule;
				SWIFT_OPTIMIZATION_LEVEL = "-O";
				VALIDATE_PRODUCT = YES;
			};
			name = Release;
		};
		C550F8772919644E00FC2EF2 /* Debug */ = {
			isa = XCBuildConfiguration;
			baseConfigurationReference = 93DBB7636CB219919BF06E4E /* Pods-sistema-login.debug.xcconfig */;
			buildSettings = {
				ASSETCATALOG_COMPILER_APPICON_NAME = AppIcon;
				ASSETCATALOG_COMPILER_GLOBAL_ACCENT_COLOR_NAME = AccentColor;
				CODE_SIGN_STYLE = Automatic;
				CURRENT_PROJECT_VERSION = 1;
				GENERATE_INFOPLIST_FILE = YES;
				INFOPLIST_FILE = "sistema-login/Info.plist";
				INFOPLIST_KEY_UIApplicationSupportsIndirectInputEvents = YES;
				INFOPLIST_KEY_UILaunchStoryboardName = LaunchScreen;
				INFOPLIST_KEY_UISupportedInterfaceOrientations_iPad = "UIInterfaceOrientationPortrait UIInterfaceOrientationPortraitUpsideDown UIInterfaceOrientationLandscapeLeft UIInterfaceOrientationLandscapeRight";
				INFOPLIST_KEY_UISupportedInterfaceOrientations_iPhone = "UIInterfaceOrientationPortrait UIInterfaceOrientationLandscapeLeft UIInterfaceOrientationLandscapeRight";
				LD_RUNPATH_SEARCH_PATHS = (
					"$(inherited)",
					"@executable_path/Frameworks",
				);
				MARKETING_VERSION = 1.0;
				PRODUCT_BUNDLE_IDENTIFIER = "leonardo.sistema-login";
				PRODUCT_NAME = "$(TARGET_NAME)";
				SWIFT_EMIT_LOC_STRINGS = YES;
				SWIFT_VERSION = 5.0;
				TARGETED_DEVICE_FAMILY = "1,2";
			};
			name = Debug;
		};
		C550F8782919644E00FC2EF2 /* Release */ = {
			isa = XCBuildConfiguration;
			baseConfigurationReference = 2DB5774E8D305161E014DB5E /* Pods-sistema-login.release.xcconfig */;
			buildSettings = {
				ASSETCATALOG_COMPILER_APPICON_NAME = AppIcon;
				ASSETCATALOG_COMPILER_GLOBAL_ACCENT_COLOR_NAME = AccentColor;
				CODE_SIGN_STYLE = Automatic;
				CURRENT_PROJECT_VERSION = 1;
				GENERATE_INFOPLIST_FILE = YES;
				INFOPLIST_FILE = "sistema-login/Info.plist";
				INFOPLIST_KEY_UIApplicationSupportsIndirectInputEvents = YES;
				INFOPLIST_KEY_UILaunchStoryboardName = LaunchScreen;
				INFOPLIST_KEY_UISupportedInterfaceOrientations_iPad = "UIInterfaceOrientationPortrait UIInterfaceOrientationPortraitUpsideDown UIInterfaceOrientationLandscapeLeft UIInterfaceOrientationLandscapeRight";
				INFOPLIST_KEY_UISupportedInterfaceOrientations_iPhone = "UIInterfaceOrientationPortrait UIInterfaceOrientationLandscapeLeft UIInterfaceOrientationLandscapeRight";
				LD_RUNPATH_SEARCH_PATHS = (
					"$(inherited)",
					"@executable_path/Frameworks",
				);
				MARKETING_VERSION = 1.0;
				PRODUCT_BUNDLE_IDENTIFIER = "leonardo.sistema-login";
				PRODUCT_NAME = "$(TARGET_NAME)";
				SWIFT_EMIT_LOC_STRINGS = YES;
				SWIFT_VERSION = 5.0;
				TARGETED_DEVICE_FAMILY = "1,2";
			};
			name = Release;
		};
		C5B5E74A2948ED43001F87AE /* Debug */ = {
			isa = XCBuildConfiguration;
			buildSettings = {
				BUNDLE_LOADER = "$(TEST_HOST)";
				CODE_SIGN_STYLE = Automatic;
				CURRENT_PROJECT_VERSION = 1;
				GENERATE_INFOPLIST_FILE = YES;
				IPHONEOS_DEPLOYMENT_TARGET = 16.0;
				MACOSX_DEPLOYMENT_TARGET = 12.3;
				MARKETING_VERSION = 1.0;
				PRODUCT_BUNDLE_IDENTIFIER = "leonardo.sistema-loginTests";
				PRODUCT_NAME = "$(TARGET_NAME)";
				SDKROOT = auto;
				SUPPORTED_PLATFORMS = "iphoneos iphonesimulator macosx";
				SWIFT_EMIT_LOC_STRINGS = NO;
				SWIFT_VERSION = 5.0;
				TARGETED_DEVICE_FAMILY = "1,2";
				TEST_HOST = "$(BUILT_PRODUCTS_DIR)/sistema-login.app/$(BUNDLE_EXECUTABLE_FOLDER_PATH)/sistema-login";
			};
			name = Debug;
		};
		C5B5E74B2948ED43001F87AE /* Release */ = {
			isa = XCBuildConfiguration;
			buildSettings = {
				BUNDLE_LOADER = "$(TEST_HOST)";
				CODE_SIGN_STYLE = Automatic;
				CURRENT_PROJECT_VERSION = 1;
				GENERATE_INFOPLIST_FILE = YES;
				IPHONEOS_DEPLOYMENT_TARGET = 16.0;
				MACOSX_DEPLOYMENT_TARGET = 12.3;
				MARKETING_VERSION = 1.0;
				PRODUCT_BUNDLE_IDENTIFIER = "leonardo.sistema-loginTests";
				PRODUCT_NAME = "$(TARGET_NAME)";
				SDKROOT = auto;
				SUPPORTED_PLATFORMS = "iphoneos iphonesimulator macosx";
				SWIFT_EMIT_LOC_STRINGS = NO;
				SWIFT_VERSION = 5.0;
				TARGETED_DEVICE_FAMILY = "1,2";
				TEST_HOST = "$(BUILT_PRODUCTS_DIR)/sistema-login.app/$(BUNDLE_EXECUTABLE_FOLDER_PATH)/sistema-login";
			};
			name = Release;
		};
/* End XCBuildConfiguration section */

/* Begin XCConfigurationList section */
		C550F85D2919644D00FC2EF2 /* Build configuration list for PBXProject "sistema-login" */ = {
			isa = XCConfigurationList;
			buildConfigurations = (
				C550F8742919644E00FC2EF2 /* Debug */,
				C550F8752919644E00FC2EF2 /* Release */,
			);
			defaultConfigurationIsVisible = 0;
			defaultConfigurationName = Release;
		};
		C550F8762919644E00FC2EF2 /* Build configuration list for PBXNativeTarget "sistema-login" */ = {
			isa = XCConfigurationList;
			buildConfigurations = (
				C550F8772919644E00FC2EF2 /* Debug */,
				C550F8782919644E00FC2EF2 /* Release */,
			);
			defaultConfigurationIsVisible = 0;
			defaultConfigurationName = Release;
		};
		C5B5E7492948ED43001F87AE /* Build configuration list for PBXNativeTarget "sistema-loginTests" */ = {
			isa = XCConfigurationList;
			buildConfigurations = (
				C5B5E74A2948ED43001F87AE /* Debug */,
				C5B5E74B2948ED43001F87AE /* Release */,
			);
			defaultConfigurationIsVisible = 0;
			defaultConfigurationName = Release;
		};
/* End XCConfigurationList section */
	};
	rootObject = C550F85A2919644D00FC2EF2 /* Project object */;
}
